
Microsoft Visual Studio Solution File, Format Version 12.00
# Visual Studio 15
VisualStudioVersion = 15.0.27130.2027
MinimumVisualStudioVersion = 15.0.26124.0
Project("{9A19103F-16F7-4668-BE54-9A1E7A4F7556}") = "Horsesoft.Music.Data.Model", "Data\Horsesoft.Music.Data.Model\Horsesoft.Music.Data.Model.csproj", "{0F7B0ED1-2DAE-4C1D-8B8E-E26C82867256}"
EndProject
Project("{9A19103F-16F7-4668-BE54-9A1E7A4F7556}") = "Horsesoft.Music.Data.Sqlite", "Data\Horsesoft.Music.Data.Sqlite\Horsesoft.Music.Data.Sqlite.csproj", "{09D513E8-4DA6-4AA5-BBD6-B5A543FBFFB7}"
EndProject
Project("{9A19103F-16F7-4668-BE54-9A1E7A4F7556}") = "Horsesoft.Music.Horsify.Repositories", "Repo\Horsesoft.Music.Horsify.Repositories\Horsesoft.Music.Horsify.Repositories.csproj", "{CE52C18A-5962-4E89-9BE8-2256842F034C}"
EndProject
Project("{2150E333-8FDC-42A3-9474-1A3956D46DE8}") = "Tests", "Tests", "{6D465D2F-D191-459E-8611-46CD421A38A8}"
EndProject
Project("{9A19103F-16F7-4668-BE54-9A1E7A4F7556}") = "Horsesoft.Music.Horsify.RepositoryTests", "Tests\Horsesoft.Music.Horsify.RepositoryTests\Horsesoft.Music.Horsify.RepositoryTests.csproj", "{E41BDC48-EB6E-40C8-9EA8-33C50180C1EE}"
EndProject
Global
	GlobalSection(SolutionConfigurationPlatforms) = preSolution
		Debug|Any CPU = Debug|Any CPU
		Release|Any CPU = Release|Any CPU
	EndGlobalSection
	GlobalSection(ProjectConfigurationPlatforms) = postSolution
		{0F7B0ED1-2DAE-4C1D-8B8E-E26C82867256}.Debug|Any CPU.ActiveCfg = Debug|Any CPU
		{0F7B0ED1-2DAE-4C1D-8B8E-E26C82867256}.Debug|Any CPU.Build.0 = Debug|Any CPU
		{0F7B0ED1-2DAE-4C1D-8B8E-E26C82867256}.Release|Any CPU.ActiveCfg = Release|Any CPU
		{0F7B0ED1-2DAE-4C1D-8B8E-E26C82867256}.Release|Any CPU.Build.0 = Release|Any CPU
		{09D513E8-4DA6-4AA5-BBD6-B5A543FBFFB7}.Debug|Any CPU.ActiveCfg = Debug|Any CPU
		{09D513E8-4DA6-4AA5-BBD6-B5A543FBFFB7}.Debug|Any CPU.Build.0 = Debug|Any CPU
		{09D513E8-4DA6-4AA5-BBD6-B5A543FBFFB7}.Release|Any CPU.ActiveCfg = Release|Any CPU
		{09D513E8-4DA6-4AA5-BBD6-B5A543FBFFB7}.Release|Any CPU.Build.0 = Release|Any CPU
		{CE52C18A-5962-4E89-9BE8-2256842F034C}.Debug|Any CPU.ActiveCfg = Debug|Any CPU
		{CE52C18A-5962-4E89-9BE8-2256842F034C}.Debug|Any CPU.Build.0 = Debug|Any CPU
		{CE52C18A-5962-4E89-9BE8-2256842F034C}.Release|Any CPU.ActiveCfg = Release|Any CPU
		{CE52C18A-5962-4E89-9BE8-2256842F034C}.Release|Any CPU.Build.0 = Release|Any CPU
		{E41BDC48-EB6E-40C8-9EA8-33C50180C1EE}.Debug|Any CPU.ActiveCfg = Debug|Any CPU
		{E41BDC48-EB6E-40C8-9EA8-33C50180C1EE}.Debug|Any CPU.Build.0 = Debug|Any CPU
		{E41BDC48-EB6E-40C8-9EA8-33C50180C1EE}.Release|Any CPU.ActiveCfg = Release|Any CPU
		{E41BDC48-EB6E-40C8-9EA8-33C50180C1EE}.Release|Any CPU.Build.0 = Release|Any CPU
	EndGlobalSection
	GlobalSection(SolutionProperties) = preSolution
		HideSolutionNode = FALSE
	EndGlobalSection
	GlobalSection(NestedProjects) = preSolution
		{E41BDC48-EB6E-40C8-9EA8-33C50180C1EE} = {6D465D2F-D191-459E-8611-46CD421A38A8}
	EndGlobalSection
	GlobalSection(ExtensibilityGlobals) = postSolution
		SolutionGuid = {4E66D55E-FF02-433A-97A1-D5C3A40C746C}
	EndGlobalSection
EndGlobal
