
Microsoft Visual Studio Solution File, Format Version 12.00
# Visual Studio 15
VisualStudioVersion = 15.0.27130.2027
MinimumVisualStudioVersion = 15.0.26124.0
Project("{2150E333-8FDC-42A3-9474-1A3956D46DE8}") = "Prism Modules", "Prism Modules", "{73C55D7B-4147-49FB-A804-3DAFF06D9BBA}"
EndProject
Project("{2150E333-8FDC-42A3-9474-1A3956D46DE8}") = "Resource", "Resource", "{65A4E483-278F-4A66-849E-BBC0CB22CA23}"
EndProject
Project("{2150E333-8FDC-42A3-9474-1A3956D46DE8}") = "Shell", "Shell", "{9072CB27-A8CC-41DF-A920-60A0415BE318}"
EndProject
Project("{2150E333-8FDC-42A3-9474-1A3956D46DE8}") = "Model", "Model", "{FC8A2AA0-471E-4195-A331-A1370B419EAE}"
EndProject
Project("{FAE04EC0-301F-11D3-BF4B-00C04F79EFBC}") = "Horsesoft.Horsify.Resource", "UI\Horsesoft.Horsify.Resource\Horsesoft.Horsify.Resource.csproj", "{F4D8055D-B9BB-4968-B3AA-F0C9E59A1C26}"
EndProject
Project("{FAE04EC0-301F-11D3-BF4B-00C04F79EFBC}") = "Horsesoft.Music.Horsify.Base", "UI\Horsesoft.Music.Horsify.Base\Horsesoft.Music.Horsify.Base.csproj", "{B4DABE47-1E17-486D-85FB-2A232612BCCE}"
EndProject
Project("{FAE04EC0-301F-11D3-BF4B-00C04F79EFBC}") = "Horsesoft.Music.Horsify.WPF.Shell", "UI\Horsesoft.Music.Horsify.WPF.Shell\Horsesoft.Music.Horsify.WPF.Shell.csproj", "{3F8ED2D7-8CA1-463B-B7F5-B108CC271344}"
EndProject
Project("{FAE04EC0-301F-11D3-BF4B-00C04F79EFBC}") = "Horsesoft.Horsify.SearchModule", "UI\Modules\Horsesoft.Horsify.SearchModule\Horsesoft.Horsify.SearchModule.csproj", "{500AD01E-64F8-4908-96C4-A374DE0CC724}"
EndProject
Project("{FAE04EC0-301F-11D3-BF4B-00C04F79EFBC}") = "Horsesoft.Horsify.ServicesModule", "UI\Modules\Horsesoft.Horsify.ServicesModule\Horsesoft.Horsify.ServicesModule.csproj", "{0A5A49A1-E528-4375-8C5D-6A452912332D}"
EndProject
Project("{9A19103F-16F7-4668-BE54-9A1E7A4F7556}") = "Horsesoft.Music.Data.Model", "Data\Horsesoft.Music.Data.Model\Horsesoft.Music.Data.Model.csproj", "{EFF16601-3A8A-46EE-87C6-698CD98E2DD8}"
EndProject
Project("{FAE04EC0-301F-11D3-BF4B-00C04F79EFBC}") = "Horsesoft.Horsify.MediaPlayer", "UI\Modules\Horsesoft.Horsify.MediaPlayer\Horsesoft.Horsify.MediaPlayer.csproj", "{BB806517-9D65-4C81-A41F-89854229996A}"
EndProject
Project("{FAE04EC0-301F-11D3-BF4B-00C04F79EFBC}") = "Horsesoft.Horsify.Statistics", "UI\Modules\Horsesoft.Horsify.Statistics\Horsesoft.Horsify.Statistics.csproj", "{8F3378AE-B4DA-4872-8C54-DC703522E220}"
EndProject
Project("{FAE04EC0-301F-11D3-BF4B-00C04F79EFBC}") = "Horsesoft.Horsify.DjHorsify", "UI\Modules\Horsesoft.Horsify.DjHorsify\Horsesoft.Horsify.DjHorsify.csproj", "{6F6DA20C-4065-4847-B30A-F610974B70B1}"
EndProject
Project("{FAE04EC0-301F-11D3-BF4B-00C04F79EFBC}") = "Horsesoft.Horsify.SideMenu", "UI\Modules\Horsesoft.Horsify.SideMenu\Horsesoft.Horsify.SideMenu.csproj", "{2A77C8F6-6553-4EAC-BEEE-24C6FCA542AD}"
EndProject
Project("{FAE04EC0-301F-11D3-BF4B-00C04F79EFBC}") = "Horsesoft.Horsify.QueueModule", "UI\Modules\Horsesoft.Horsify.QueueModule\Horsesoft.Horsify.QueueModule.csproj", "{CBB09B86-73FA-4341-A11B-FD2C28C72818}"
EndProject
Project("{FAE04EC0-301F-11D3-BF4B-00C04F79EFBC}") = "Horsesoft.Music.Engine", "BLL\Horsesoft.Music.Engine\Horsesoft.Music.Engine.csproj", "{AFE60C4D-8B71-4B87-9361-BDB07C369C15}"
EndProject
Project("{FAE04EC0-301F-11D3-BF4B-00C04F79EFBC}") = "Horsesoft.Horsify.SettingsModule", "UI\Modules\Horsesoft.Horsify.SettingsModule\Horsesoft.Horsify.SettingsModule.csproj", "{68CE62D3-2653-4BE3-ACD8-E56361A83D8D}"
EndProject
Project("{FAE04EC0-301F-11D3-BF4B-00C04F79EFBC}") = "Horsesoft.Horsify.PlaylistsModule", "UI\Modules\Horsesoft.Horsify.PlaylistsModule\Horsesoft.Horsify.PlaylistsModule.csproj", "{226B3819-ECE4-4F10-8CDD-7FA123C78622}"
EndProject
Project("{D954291E-2A0B-460D-934E-DC6B0785DB48}") = "Shared", "UI\Horsesoft.Shared\Shared.shproj", "{8C66C47F-CFEA-4D41-8ABB-A58B10681A67}"
EndProject
Project("{FAE04EC0-301F-11D3-BF4B-00C04F79EFBC}") = "Horsesoft.Music.Horsify.Importer.UI.WPF", "UI\Horsesoft.Music.Horsify.Importer.UI.WPF\Horsesoft.Music.Horsify.Importer.UI.WPF.csproj", "{CBE90713-DDE7-4F7E-B9FD-D9EE1237F9D0}"
EndProject
Global
	GlobalSection(SharedMSBuildProjectFiles) = preSolution
		UI\Horsesoft.Shared\Horsesoft.Shared.projitems*{8c66c47f-cfea-4d41-8abb-a58b10681a67}*SharedItemsImports = 13
		UI\Horsesoft.Shared\Horsesoft.Shared.projitems*{f4d8055d-b9bb-4968-b3aa-f0c9e59a1c26}*SharedItemsImports = 4
	EndGlobalSection
	GlobalSection(SolutionConfigurationPlatforms) = preSolution
		Debug|Any CPU = Debug|Any CPU
		Debug|x64 = Debug|x64
		Debug|x86 = Debug|x86
		Release|Any CPU = Release|Any CPU
		Release|x64 = Release|x64
		Release|x86 = Release|x86
	EndGlobalSection
	GlobalSection(ProjectConfigurationPlatforms) = postSolution
		{F4D8055D-B9BB-4968-B3AA-F0C9E59A1C26}.Debug|Any CPU.ActiveCfg = Debug|Any CPU
		{F4D8055D-B9BB-4968-B3AA-F0C9E59A1C26}.Debug|Any CPU.Build.0 = Debug|Any CPU
		{F4D8055D-B9BB-4968-B3AA-F0C9E59A1C26}.Debug|x64.ActiveCfg = Debug|Any CPU
		{F4D8055D-B9BB-4968-B3AA-F0C9E59A1C26}.Debug|x64.Build.0 = Debug|Any CPU
		{F4D8055D-B9BB-4968-B3AA-F0C9E59A1C26}.Debug|x86.ActiveCfg = Debug|Any CPU
		{F4D8055D-B9BB-4968-B3AA-F0C9E59A1C26}.Debug|x86.Build.0 = Debug|Any CPU
		{F4D8055D-B9BB-4968-B3AA-F0C9E59A1C26}.Release|Any CPU.ActiveCfg = Release|Any CPU
		{F4D8055D-B9BB-4968-B3AA-F0C9E59A1C26}.Release|Any CPU.Build.0 = Release|Any CPU
		{F4D8055D-B9BB-4968-B3AA-F0C9E59A1C26}.Release|x64.ActiveCfg = Release|Any CPU
		{F4D8055D-B9BB-4968-B3AA-F0C9E59A1C26}.Release|x64.Build.0 = Release|Any CPU
		{F4D8055D-B9BB-4968-B3AA-F0C9E59A1C26}.Release|x86.ActiveCfg = Release|Any CPU
		{F4D8055D-B9BB-4968-B3AA-F0C9E59A1C26}.Release|x86.Build.0 = Release|Any CPU
		{B4DABE47-1E17-486D-85FB-2A232612BCCE}.Debug|Any CPU.ActiveCfg = Debug|Any CPU
		{B4DABE47-1E17-486D-85FB-2A232612BCCE}.Debug|Any CPU.Build.0 = Debug|Any CPU
		{B4DABE47-1E17-486D-85FB-2A232612BCCE}.Debug|x64.ActiveCfg = Debug|Any CPU
		{B4DABE47-1E17-486D-85FB-2A232612BCCE}.Debug|x64.Build.0 = Debug|Any CPU
		{B4DABE47-1E17-486D-85FB-2A232612BCCE}.Debug|x86.ActiveCfg = Debug|Any CPU
		{B4DABE47-1E17-486D-85FB-2A232612BCCE}.Debug|x86.Build.0 = Debug|Any CPU
		{B4DABE47-1E17-486D-85FB-2A232612BCCE}.Release|Any CPU.ActiveCfg = Release|Any CPU
		{B4DABE47-1E17-486D-85FB-2A232612BCCE}.Release|Any CPU.Build.0 = Release|Any CPU
		{B4DABE47-1E17-486D-85FB-2A232612BCCE}.Release|x64.ActiveCfg = Release|Any CPU
		{B4DABE47-1E17-486D-85FB-2A232612BCCE}.Release|x64.Build.0 = Release|Any CPU
		{B4DABE47-1E17-486D-85FB-2A232612BCCE}.Release|x86.ActiveCfg = Release|Any CPU
		{B4DABE47-1E17-486D-85FB-2A232612BCCE}.Release|x86.Build.0 = Release|Any CPU
		{3F8ED2D7-8CA1-463B-B7F5-B108CC271344}.Debug|Any CPU.ActiveCfg = Debug|Any CPU
		{3F8ED2D7-8CA1-463B-B7F5-B108CC271344}.Debug|Any CPU.Build.0 = Debug|Any CPU
		{3F8ED2D7-8CA1-463B-B7F5-B108CC271344}.Debug|x64.ActiveCfg = Debug|Any CPU
		{3F8ED2D7-8CA1-463B-B7F5-B108CC271344}.Debug|x64.Build.0 = Debug|Any CPU
		{3F8ED2D7-8CA1-463B-B7F5-B108CC271344}.Debug|x86.ActiveCfg = Debug|Any CPU
		{3F8ED2D7-8CA1-463B-B7F5-B108CC271344}.Debug|x86.Build.0 = Debug|Any CPU
		{3F8ED2D7-8CA1-463B-B7F5-B108CC271344}.Release|Any CPU.ActiveCfg = Release|Any CPU
		{3F8ED2D7-8CA1-463B-B7F5-B108CC271344}.Release|Any CPU.Build.0 = Release|Any CPU
		{3F8ED2D7-8CA1-463B-B7F5-B108CC271344}.Release|x64.ActiveCfg = Release|Any CPU
		{3F8ED2D7-8CA1-463B-B7F5-B108CC271344}.Release|x64.Build.0 = Release|Any CPU
		{3F8ED2D7-8CA1-463B-B7F5-B108CC271344}.Release|x86.ActiveCfg = Release|Any CPU
		{3F8ED2D7-8CA1-463B-B7F5-B108CC271344}.Release|x86.Build.0 = Release|Any CPU
		{500AD01E-64F8-4908-96C4-A374DE0CC724}.Debug|Any CPU.ActiveCfg = Debug|Any CPU
		{500AD01E-64F8-4908-96C4-A374DE0CC724}.Debug|Any CPU.Build.0 = Debug|Any CPU
		{500AD01E-64F8-4908-96C4-A374DE0CC724}.Debug|x64.ActiveCfg = Debug|Any CPU
		{500AD01E-64F8-4908-96C4-A374DE0CC724}.Debug|x64.Build.0 = Debug|Any CPU
		{500AD01E-64F8-4908-96C4-A374DE0CC724}.Debug|x86.ActiveCfg = Debug|Any CPU
		{500AD01E-64F8-4908-96C4-A374DE0CC724}.Debug|x86.Build.0 = Debug|Any CPU
		{500AD01E-64F8-4908-96C4-A374DE0CC724}.Release|Any CPU.ActiveCfg = Release|Any CPU
		{500AD01E-64F8-4908-96C4-A374DE0CC724}.Release|Any CPU.Build.0 = Release|Any CPU
		{500AD01E-64F8-4908-96C4-A374DE0CC724}.Release|x64.ActiveCfg = Release|Any CPU
		{500AD01E-64F8-4908-96C4-A374DE0CC724}.Release|x64.Build.0 = Release|Any CPU
		{500AD01E-64F8-4908-96C4-A374DE0CC724}.Release|x86.ActiveCfg = Release|Any CPU
		{500AD01E-64F8-4908-96C4-A374DE0CC724}.Release|x86.Build.0 = Release|Any CPU
		{0A5A49A1-E528-4375-8C5D-6A452912332D}.Debug|Any CPU.ActiveCfg = Debug|Any CPU
		{0A5A49A1-E528-4375-8C5D-6A452912332D}.Debug|Any CPU.Build.0 = Debug|Any CPU
		{0A5A49A1-E528-4375-8C5D-6A452912332D}.Debug|x64.ActiveCfg = Debug|Any CPU
		{0A5A49A1-E528-4375-8C5D-6A452912332D}.Debug|x64.Build.0 = Debug|Any CPU
		{0A5A49A1-E528-4375-8C5D-6A452912332D}.Debug|x86.ActiveCfg = Debug|Any CPU
		{0A5A49A1-E528-4375-8C5D-6A452912332D}.Debug|x86.Build.0 = Debug|Any CPU
		{0A5A49A1-E528-4375-8C5D-6A452912332D}.Release|Any CPU.ActiveCfg = Release|Any CPU
		{0A5A49A1-E528-4375-8C5D-6A452912332D}.Release|Any CPU.Build.0 = Release|Any CPU
		{0A5A49A1-E528-4375-8C5D-6A452912332D}.Release|x64.ActiveCfg = Release|Any CPU
		{0A5A49A1-E528-4375-8C5D-6A452912332D}.Release|x64.Build.0 = Release|Any CPU
		{0A5A49A1-E528-4375-8C5D-6A452912332D}.Release|x86.ActiveCfg = Release|Any CPU
		{0A5A49A1-E528-4375-8C5D-6A452912332D}.Release|x86.Build.0 = Release|Any CPU
		{EFF16601-3A8A-46EE-87C6-698CD98E2DD8}.Debug|Any CPU.ActiveCfg = Debug|Any CPU
		{EFF16601-3A8A-46EE-87C6-698CD98E2DD8}.Debug|Any CPU.Build.0 = Debug|Any CPU
		{EFF16601-3A8A-46EE-87C6-698CD98E2DD8}.Debug|x64.ActiveCfg = Debug|Any CPU
		{EFF16601-3A8A-46EE-87C6-698CD98E2DD8}.Debug|x64.Build.0 = Debug|Any CPU
		{EFF16601-3A8A-46EE-87C6-698CD98E2DD8}.Debug|x86.ActiveCfg = Debug|Any CPU
		{EFF16601-3A8A-46EE-87C6-698CD98E2DD8}.Debug|x86.Build.0 = Debug|Any CPU
		{EFF16601-3A8A-46EE-87C6-698CD98E2DD8}.Release|Any CPU.ActiveCfg = Release|Any CPU
		{EFF16601-3A8A-46EE-87C6-698CD98E2DD8}.Release|Any CPU.Build.0 = Release|Any CPU
		{EFF16601-3A8A-46EE-87C6-698CD98E2DD8}.Release|x64.ActiveCfg = Release|Any CPU
		{EFF16601-3A8A-46EE-87C6-698CD98E2DD8}.Release|x64.Build.0 = Release|Any CPU
		{EFF16601-3A8A-46EE-87C6-698CD98E2DD8}.Release|x86.ActiveCfg = Release|Any CPU
		{EFF16601-3A8A-46EE-87C6-698CD98E2DD8}.Release|x86.Build.0 = Release|Any CPU
		{BB806517-9D65-4C81-A41F-89854229996A}.Debug|Any CPU.ActiveCfg = Debug|Any CPU
		{BB806517-9D65-4C81-A41F-89854229996A}.Debug|Any CPU.Build.0 = Debug|Any CPU
		{BB806517-9D65-4C81-A41F-89854229996A}.Debug|x64.ActiveCfg = Debug|Any CPU
		{BB806517-9D65-4C81-A41F-89854229996A}.Debug|x64.Build.0 = Debug|Any CPU
		{BB806517-9D65-4C81-A41F-89854229996A}.Debug|x86.ActiveCfg = Debug|Any CPU
		{BB806517-9D65-4C81-A41F-89854229996A}.Debug|x86.Build.0 = Debug|Any CPU
		{BB806517-9D65-4C81-A41F-89854229996A}.Release|Any CPU.ActiveCfg = Release|Any CPU
		{BB806517-9D65-4C81-A41F-89854229996A}.Release|Any CPU.Build.0 = Release|Any CPU
		{BB806517-9D65-4C81-A41F-89854229996A}.Release|x64.ActiveCfg = Release|Any CPU
		{BB806517-9D65-4C81-A41F-89854229996A}.Release|x64.Build.0 = Release|Any CPU
		{BB806517-9D65-4C81-A41F-89854229996A}.Release|x86.ActiveCfg = Release|Any CPU
		{BB806517-9D65-4C81-A41F-89854229996A}.Release|x86.Build.0 = Release|Any CPU
		{8F3378AE-B4DA-4872-8C54-DC703522E220}.Debug|Any CPU.ActiveCfg = Debug|Any CPU
		{8F3378AE-B4DA-4872-8C54-DC703522E220}.Debug|Any CPU.Build.0 = Debug|Any CPU
		{8F3378AE-B4DA-4872-8C54-DC703522E220}.Debug|x64.ActiveCfg = Debug|Any CPU
		{8F3378AE-B4DA-4872-8C54-DC703522E220}.Debug|x64.Build.0 = Debug|Any CPU
		{8F3378AE-B4DA-4872-8C54-DC703522E220}.Debug|x86.ActiveCfg = Debug|Any CPU
		{8F3378AE-B4DA-4872-8C54-DC703522E220}.Debug|x86.Build.0 = Debug|Any CPU
		{8F3378AE-B4DA-4872-8C54-DC703522E220}.Release|Any CPU.ActiveCfg = Release|Any CPU
		{8F3378AE-B4DA-4872-8C54-DC703522E220}.Release|Any CPU.Build.0 = Release|Any CPU
		{8F3378AE-B4DA-4872-8C54-DC703522E220}.Release|x64.ActiveCfg = Release|Any CPU
		{8F3378AE-B4DA-4872-8C54-DC703522E220}.Release|x64.Build.0 = Release|Any CPU
		{8F3378AE-B4DA-4872-8C54-DC703522E220}.Release|x86.ActiveCfg = Release|Any CPU
		{8F3378AE-B4DA-4872-8C54-DC703522E220}.Release|x86.Build.0 = Release|Any CPU
		{6F6DA20C-4065-4847-B30A-F610974B70B1}.Debug|Any CPU.ActiveCfg = Debug|Any CPU
		{6F6DA20C-4065-4847-B30A-F610974B70B1}.Debug|Any CPU.Build.0 = Debug|Any CPU
		{6F6DA20C-4065-4847-B30A-F610974B70B1}.Debug|x64.ActiveCfg = Debug|Any CPU
		{6F6DA20C-4065-4847-B30A-F610974B70B1}.Debug|x64.Build.0 = Debug|Any CPU
		{6F6DA20C-4065-4847-B30A-F610974B70B1}.Debug|x86.ActiveCfg = Debug|Any CPU
		{6F6DA20C-4065-4847-B30A-F610974B70B1}.Debug|x86.Build.0 = Debug|Any CPU
		{6F6DA20C-4065-4847-B30A-F610974B70B1}.Release|Any CPU.ActiveCfg = Release|Any CPU
		{6F6DA20C-4065-4847-B30A-F610974B70B1}.Release|Any CPU.Build.0 = Release|Any CPU
		{6F6DA20C-4065-4847-B30A-F610974B70B1}.Release|x64.ActiveCfg = Release|Any CPU
		{6F6DA20C-4065-4847-B30A-F610974B70B1}.Release|x64.Build.0 = Release|Any CPU
		{6F6DA20C-4065-4847-B30A-F610974B70B1}.Release|x86.ActiveCfg = Release|Any CPU
		{6F6DA20C-4065-4847-B30A-F610974B70B1}.Release|x86.Build.0 = Release|Any CPU
		{2A77C8F6-6553-4EAC-BEEE-24C6FCA542AD}.Debug|Any CPU.ActiveCfg = Debug|Any CPU
		{2A77C8F6-6553-4EAC-BEEE-24C6FCA542AD}.Debug|Any CPU.Build.0 = Debug|Any CPU
		{2A77C8F6-6553-4EAC-BEEE-24C6FCA542AD}.Debug|x64.ActiveCfg = Debug|Any CPU
		{2A77C8F6-6553-4EAC-BEEE-24C6FCA542AD}.Debug|x64.Build.0 = Debug|Any CPU
		{2A77C8F6-6553-4EAC-BEEE-24C6FCA542AD}.Debug|x86.ActiveCfg = Debug|Any CPU
		{2A77C8F6-6553-4EAC-BEEE-24C6FCA542AD}.Debug|x86.Build.0 = Debug|Any CPU
		{2A77C8F6-6553-4EAC-BEEE-24C6FCA542AD}.Release|Any CPU.ActiveCfg = Release|Any CPU
		{2A77C8F6-6553-4EAC-BEEE-24C6FCA542AD}.Release|Any CPU.Build.0 = Release|Any CPU
		{2A77C8F6-6553-4EAC-BEEE-24C6FCA542AD}.Release|x64.ActiveCfg = Release|Any CPU
		{2A77C8F6-6553-4EAC-BEEE-24C6FCA542AD}.Release|x64.Build.0 = Release|Any CPU
		{2A77C8F6-6553-4EAC-BEEE-24C6FCA542AD}.Release|x86.ActiveCfg = Release|Any CPU
		{2A77C8F6-6553-4EAC-BEEE-24C6FCA542AD}.Release|x86.Build.0 = Release|Any CPU
		{CBB09B86-73FA-4341-A11B-FD2C28C72818}.Debug|Any CPU.ActiveCfg = Debug|Any CPU
		{CBB09B86-73FA-4341-A11B-FD2C28C72818}.Debug|Any CPU.Build.0 = Debug|Any CPU
		{CBB09B86-73FA-4341-A11B-FD2C28C72818}.Debug|x64.ActiveCfg = Debug|Any CPU
		{CBB09B86-73FA-4341-A11B-FD2C28C72818}.Debug|x64.Build.0 = Debug|Any CPU
		{CBB09B86-73FA-4341-A11B-FD2C28C72818}.Debug|x86.ActiveCfg = Debug|Any CPU
		{CBB09B86-73FA-4341-A11B-FD2C28C72818}.Debug|x86.Build.0 = Debug|Any CPU
		{CBB09B86-73FA-4341-A11B-FD2C28C72818}.Release|Any CPU.ActiveCfg = Release|Any CPU
		{CBB09B86-73FA-4341-A11B-FD2C28C72818}.Release|Any CPU.Build.0 = Release|Any CPU
		{CBB09B86-73FA-4341-A11B-FD2C28C72818}.Release|x64.ActiveCfg = Release|Any CPU
		{CBB09B86-73FA-4341-A11B-FD2C28C72818}.Release|x64.Build.0 = Release|Any CPU
		{CBB09B86-73FA-4341-A11B-FD2C28C72818}.Release|x86.ActiveCfg = Release|Any CPU
		{CBB09B86-73FA-4341-A11B-FD2C28C72818}.Release|x86.Build.0 = Release|Any CPU
		{AFE60C4D-8B71-4B87-9361-BDB07C369C15}.Debug|Any CPU.ActiveCfg = Debug|Any CPU
		{AFE60C4D-8B71-4B87-9361-BDB07C369C15}.Debug|Any CPU.Build.0 = Debug|Any CPU
		{AFE60C4D-8B71-4B87-9361-BDB07C369C15}.Debug|x64.ActiveCfg = Debug|Any CPU
		{AFE60C4D-8B71-4B87-9361-BDB07C369C15}.Debug|x64.Build.0 = Debug|Any CPU
		{AFE60C4D-8B71-4B87-9361-BDB07C369C15}.Debug|x86.ActiveCfg = Debug|Any CPU
		{AFE60C4D-8B71-4B87-9361-BDB07C369C15}.Debug|x86.Build.0 = Debug|Any CPU
		{AFE60C4D-8B71-4B87-9361-BDB07C369C15}.Release|Any CPU.ActiveCfg = Release|Any CPU
		{AFE60C4D-8B71-4B87-9361-BDB07C369C15}.Release|Any CPU.Build.0 = Release|Any CPU
		{AFE60C4D-8B71-4B87-9361-BDB07C369C15}.Release|x64.ActiveCfg = Release|Any CPU
		{AFE60C4D-8B71-4B87-9361-BDB07C369C15}.Release|x64.Build.0 = Release|Any CPU
		{AFE60C4D-8B71-4B87-9361-BDB07C369C15}.Release|x86.ActiveCfg = Release|Any CPU
		{AFE60C4D-8B71-4B87-9361-BDB07C369C15}.Release|x86.Build.0 = Release|Any CPU
		{68CE62D3-2653-4BE3-ACD8-E56361A83D8D}.Debug|Any CPU.ActiveCfg = Debug|Any CPU
		{68CE62D3-2653-4BE3-ACD8-E56361A83D8D}.Debug|Any CPU.Build.0 = Debug|Any CPU
		{68CE62D3-2653-4BE3-ACD8-E56361A83D8D}.Debug|x64.ActiveCfg = Debug|Any CPU
		{68CE62D3-2653-4BE3-ACD8-E56361A83D8D}.Debug|x64.Build.0 = Debug|Any CPU
		{68CE62D3-2653-4BE3-ACD8-E56361A83D8D}.Debug|x86.ActiveCfg = Debug|Any CPU
		{68CE62D3-2653-4BE3-ACD8-E56361A83D8D}.Debug|x86.Build.0 = Debug|Any CPU
		{68CE62D3-2653-4BE3-ACD8-E56361A83D8D}.Release|Any CPU.ActiveCfg = Release|Any CPU
		{68CE62D3-2653-4BE3-ACD8-E56361A83D8D}.Release|Any CPU.Build.0 = Release|Any CPU
		{68CE62D3-2653-4BE3-ACD8-E56361A83D8D}.Release|x64.ActiveCfg = Release|Any CPU
		{68CE62D3-2653-4BE3-ACD8-E56361A83D8D}.Release|x64.Build.0 = Release|Any CPU
		{68CE62D3-2653-4BE3-ACD8-E56361A83D8D}.Release|x86.ActiveCfg = Release|Any CPU
		{68CE62D3-2653-4BE3-ACD8-E56361A83D8D}.Release|x86.Build.0 = Release|Any CPU
		{226B3819-ECE4-4F10-8CDD-7FA123C78622}.Debug|Any CPU.ActiveCfg = Debug|Any CPU
		{226B3819-ECE4-4F10-8CDD-7FA123C78622}.Debug|Any CPU.Build.0 = Debug|Any CPU
		{226B3819-ECE4-4F10-8CDD-7FA123C78622}.Debug|x64.ActiveCfg = Debug|Any CPU
		{226B3819-ECE4-4F10-8CDD-7FA123C78622}.Debug|x64.Build.0 = Debug|Any CPU
		{226B3819-ECE4-4F10-8CDD-7FA123C78622}.Debug|x86.ActiveCfg = Debug|Any CPU
		{226B3819-ECE4-4F10-8CDD-7FA123C78622}.Debug|x86.Build.0 = Debug|Any CPU
		{226B3819-ECE4-4F10-8CDD-7FA123C78622}.Release|Any CPU.ActiveCfg = Release|Any CPU
		{226B3819-ECE4-4F10-8CDD-7FA123C78622}.Release|Any CPU.Build.0 = Release|Any CPU
		{226B3819-ECE4-4F10-8CDD-7FA123C78622}.Release|x64.ActiveCfg = Release|Any CPU
		{226B3819-ECE4-4F10-8CDD-7FA123C78622}.Release|x64.Build.0 = Release|Any CPU
		{226B3819-ECE4-4F10-8CDD-7FA123C78622}.Release|x86.ActiveCfg = Release|Any CPU
		{226B3819-ECE4-4F10-8CDD-7FA123C78622}.Release|x86.Build.0 = Release|Any CPU
		{CBE90713-DDE7-4F7E-B9FD-D9EE1237F9D0}.Debug|Any CPU.ActiveCfg = Debug|Any CPU
		{CBE90713-DDE7-4F7E-B9FD-D9EE1237F9D0}.Debug|Any CPU.Build.0 = Debug|Any CPU
		{CBE90713-DDE7-4F7E-B9FD-D9EE1237F9D0}.Debug|x64.ActiveCfg = Debug|Any CPU
		{CBE90713-DDE7-4F7E-B9FD-D9EE1237F9D0}.Debug|x64.Build.0 = Debug|Any CPU
		{CBE90713-DDE7-4F7E-B9FD-D9EE1237F9D0}.Debug|x86.ActiveCfg = Debug|Any CPU
		{CBE90713-DDE7-4F7E-B9FD-D9EE1237F9D0}.Debug|x86.Build.0 = Debug|Any CPU
		{CBE90713-DDE7-4F7E-B9FD-D9EE1237F9D0}.Release|Any CPU.ActiveCfg = Release|Any CPU
		{CBE90713-DDE7-4F7E-B9FD-D9EE1237F9D0}.Release|Any CPU.Build.0 = Release|Any CPU
		{CBE90713-DDE7-4F7E-B9FD-D9EE1237F9D0}.Release|x64.ActiveCfg = Release|Any CPU
		{CBE90713-DDE7-4F7E-B9FD-D9EE1237F9D0}.Release|x64.Build.0 = Release|Any CPU
		{CBE90713-DDE7-4F7E-B9FD-D9EE1237F9D0}.Release|x86.ActiveCfg = Release|Any CPU
		{CBE90713-DDE7-4F7E-B9FD-D9EE1237F9D0}.Release|x86.Build.0 = Release|Any CPU
	EndGlobalSection
	GlobalSection(SolutionProperties) = preSolution
		HideSolutionNode = FALSE
	EndGlobalSection
	GlobalSection(NestedProjects) = preSolution
		{F4D8055D-B9BB-4968-B3AA-F0C9E59A1C26} = {65A4E483-278F-4A66-849E-BBC0CB22CA23}
		{B4DABE47-1E17-486D-85FB-2A232612BCCE} = {9072CB27-A8CC-41DF-A920-60A0415BE318}
		{3F8ED2D7-8CA1-463B-B7F5-B108CC271344} = {9072CB27-A8CC-41DF-A920-60A0415BE318}
		{500AD01E-64F8-4908-96C4-A374DE0CC724} = {73C55D7B-4147-49FB-A804-3DAFF06D9BBA}
		{0A5A49A1-E528-4375-8C5D-6A452912332D} = {73C55D7B-4147-49FB-A804-3DAFF06D9BBA}
		{EFF16601-3A8A-46EE-87C6-698CD98E2DD8} = {FC8A2AA0-471E-4195-A331-A1370B419EAE}
		{BB806517-9D65-4C81-A41F-89854229996A} = {73C55D7B-4147-49FB-A804-3DAFF06D9BBA}
		{8F3378AE-B4DA-4872-8C54-DC703522E220} = {73C55D7B-4147-49FB-A804-3DAFF06D9BBA}
		{6F6DA20C-4065-4847-B30A-F610974B70B1} = {73C55D7B-4147-49FB-A804-3DAFF06D9BBA}
		{2A77C8F6-6553-4EAC-BEEE-24C6FCA542AD} = {73C55D7B-4147-49FB-A804-3DAFF06D9BBA}
		{CBB09B86-73FA-4341-A11B-FD2C28C72818} = {73C55D7B-4147-49FB-A804-3DAFF06D9BBA}
		{AFE60C4D-8B71-4B87-9361-BDB07C369C15} = {FC8A2AA0-471E-4195-A331-A1370B419EAE}
		{68CE62D3-2653-4BE3-ACD8-E56361A83D8D} = {73C55D7B-4147-49FB-A804-3DAFF06D9BBA}
		{226B3819-ECE4-4F10-8CDD-7FA123C78622} = {73C55D7B-4147-49FB-A804-3DAFF06D9BBA}
		{8C66C47F-CFEA-4D41-8ABB-A58B10681A67} = {65A4E483-278F-4A66-849E-BBC0CB22CA23}
		{CBE90713-DDE7-4F7E-B9FD-D9EE1237F9D0} = {9072CB27-A8CC-41DF-A920-60A0415BE318}
	EndGlobalSection
	GlobalSection(ExtensibilityGlobals) = postSolution
		SolutionGuid = {A7989F2E-10C4-4C12-8815-45F7F1A61C03}
	EndGlobalSection
EndGlobal
