
Microsoft Visual Studio Solution File, Format Version 12.00
# Visual Studio 15
VisualStudioVersion = 15.0.26124.0
MinimumVisualStudioVersion = 15.0.26124.0
Project("{9A19103F-16F7-4668-BE54-9A1E7A4F7556}") = "Horsesoft.Music.Horsify.Api", "Horsesoft.Music.Horsify.Api\Horsesoft.Music.Horsify.Api.csproj", "{455708B3-6A26-4AFF-B188-2CF8C2E53028}"
EndProject
Project("{FAE04EC0-301F-11D3-BF4B-00C04F79EFBC}") = "Horsesoft.Music.Engine", "..\BLL\Horsesoft.Music.Engine\Horsesoft.Music.Engine.csproj", "{AFE60C4D-8B71-4B87-9361-BDB07C369C15}"
EndProject
Project("{9A19103F-16F7-4668-BE54-9A1E7A4F7556}") = "Horsesoft.Music.Horsify.Repositories", "..\Data\Horsesoft.Music.Horsify.Repositories\Horsesoft.Music.Horsify.Repositories.csproj", "{2A2657A4-C12F-4A6C-8F28-3A7F68B881AD}"
EndProject
Project("{9A19103F-16F7-4668-BE54-9A1E7A4F7556}") = "Horsesoft.Music.Data.Sqlite", "..\Data\Horsesoft.Music.Data.Sqlite\Horsesoft.Music.Data.Sqlite.csproj", "{C6081851-57FE-4C8D-A817-3CB627FFC5E8}"
EndProject
Project("{9A19103F-16F7-4668-BE54-9A1E7A4F7556}") = "Horsesoft.Music.Data.Model", "..\Data\Horsesoft.Music.Data.Model\Horsesoft.Music.Data.Model.csproj", "{87504C84-76DC-45EC-9D2C-83C8AA8FD2A8}"
EndProject
Global
	GlobalSection(SolutionConfigurationPlatforms) = preSolution
		Debug|Any CPU = Debug|Any CPU
		Debug|x64 = Debug|x64
		Debug|x86 = Debug|x86
		Release|Any CPU = Release|Any CPU
		Release|x64 = Release|x64
		Release|x86 = Release|x86
	EndGlobalSection
	GlobalSection(ProjectConfigurationPlatforms) = postSolution
		{455708B3-6A26-4AFF-B188-2CF8C2E53028}.Debug|Any CPU.ActiveCfg = Debug|Any CPU
		{455708B3-6A26-4AFF-B188-2CF8C2E53028}.Debug|Any CPU.Build.0 = Debug|Any CPU
		{455708B3-6A26-4AFF-B188-2CF8C2E53028}.Debug|x64.ActiveCfg = Debug|Any CPU
		{455708B3-6A26-4AFF-B188-2CF8C2E53028}.Debug|x64.Build.0 = Debug|Any CPU
		{455708B3-6A26-4AFF-B188-2CF8C2E53028}.Debug|x86.ActiveCfg = Debug|Any CPU
		{455708B3-6A26-4AFF-B188-2CF8C2E53028}.Debug|x86.Build.0 = Debug|Any CPU
		{455708B3-6A26-4AFF-B188-2CF8C2E53028}.Release|Any CPU.ActiveCfg = Release|Any CPU
		{455708B3-6A26-4AFF-B188-2CF8C2E53028}.Release|Any CPU.Build.0 = Release|Any CPU
		{455708B3-6A26-4AFF-B188-2CF8C2E53028}.Release|x64.ActiveCfg = Release|Any CPU
		{455708B3-6A26-4AFF-B188-2CF8C2E53028}.Release|x64.Build.0 = Release|Any CPU
		{455708B3-6A26-4AFF-B188-2CF8C2E53028}.Release|x86.ActiveCfg = Release|Any CPU
		{455708B3-6A26-4AFF-B188-2CF8C2E53028}.Release|x86.Build.0 = Release|Any CPU
		{AFE60C4D-8B71-4B87-9361-BDB07C369C15}.Debug|Any CPU.ActiveCfg = Debug|Any CPU
		{AFE60C4D-8B71-4B87-9361-BDB07C369C15}.Debug|Any CPU.Build.0 = Debug|Any CPU
		{AFE60C4D-8B71-4B87-9361-BDB07C369C15}.Debug|x64.ActiveCfg = Debug|x64
		{AFE60C4D-8B71-4B87-9361-BDB07C369C15}.Debug|x64.Build.0 = Debug|x64
		{AFE60C4D-8B71-4B87-9361-BDB07C369C15}.Debug|x86.ActiveCfg = Debug|x86
		{AFE60C4D-8B71-4B87-9361-BDB07C369C15}.Debug|x86.Build.0 = Debug|x86
		{AFE60C4D-8B71-4B87-9361-BDB07C369C15}.Release|Any CPU.ActiveCfg = Release|Any CPU
		{AFE60C4D-8B71-4B87-9361-BDB07C369C15}.Release|Any CPU.Build.0 = Release|Any CPU
		{AFE60C4D-8B71-4B87-9361-BDB07C369C15}.Release|x64.ActiveCfg = Release|x64
		{AFE60C4D-8B71-4B87-9361-BDB07C369C15}.Release|x64.Build.0 = Release|x64
		{AFE60C4D-8B71-4B87-9361-BDB07C369C15}.Release|x86.ActiveCfg = Release|x86
		{AFE60C4D-8B71-4B87-9361-BDB07C369C15}.Release|x86.Build.0 = Release|x86
		{2A2657A4-C12F-4A6C-8F28-3A7F68B881AD}.Debug|Any CPU.ActiveCfg = Debug|Any CPU
		{2A2657A4-C12F-4A6C-8F28-3A7F68B881AD}.Debug|Any CPU.Build.0 = Debug|Any CPU
		{2A2657A4-C12F-4A6C-8F28-3A7F68B881AD}.Debug|x64.ActiveCfg = Debug|x64
		{2A2657A4-C12F-4A6C-8F28-3A7F68B881AD}.Debug|x64.Build.0 = Debug|x64
		{2A2657A4-C12F-4A6C-8F28-3A7F68B881AD}.Debug|x86.ActiveCfg = Debug|x86
		{2A2657A4-C12F-4A6C-8F28-3A7F68B881AD}.Debug|x86.Build.0 = Debug|x86
		{2A2657A4-C12F-4A6C-8F28-3A7F68B881AD}.Release|Any CPU.ActiveCfg = Release|Any CPU
		{2A2657A4-C12F-4A6C-8F28-3A7F68B881AD}.Release|Any CPU.Build.0 = Release|Any CPU
		{2A2657A4-C12F-4A6C-8F28-3A7F68B881AD}.Release|x64.ActiveCfg = Release|x64
		{2A2657A4-C12F-4A6C-8F28-3A7F68B881AD}.Release|x64.Build.0 = Release|x64
		{2A2657A4-C12F-4A6C-8F28-3A7F68B881AD}.Release|x86.ActiveCfg = Release|x86
		{2A2657A4-C12F-4A6C-8F28-3A7F68B881AD}.Release|x86.Build.0 = Release|x86
		{C6081851-57FE-4C8D-A817-3CB627FFC5E8}.Debug|Any CPU.ActiveCfg = Debug|Any CPU
		{C6081851-57FE-4C8D-A817-3CB627FFC5E8}.Debug|Any CPU.Build.0 = Debug|Any CPU
		{C6081851-57FE-4C8D-A817-3CB627FFC5E8}.Debug|x64.ActiveCfg = Debug|x64
		{C6081851-57FE-4C8D-A817-3CB627FFC5E8}.Debug|x64.Build.0 = Debug|x64
		{C6081851-57FE-4C8D-A817-3CB627FFC5E8}.Debug|x86.ActiveCfg = Debug|x86
		{C6081851-57FE-4C8D-A817-3CB627FFC5E8}.Debug|x86.Build.0 = Debug|x86
		{C6081851-57FE-4C8D-A817-3CB627FFC5E8}.Release|Any CPU.ActiveCfg = Release|Any CPU
		{C6081851-57FE-4C8D-A817-3CB627FFC5E8}.Release|Any CPU.Build.0 = Release|Any CPU
		{C6081851-57FE-4C8D-A817-3CB627FFC5E8}.Release|x64.ActiveCfg = Release|x64
		{C6081851-57FE-4C8D-A817-3CB627FFC5E8}.Release|x64.Build.0 = Release|x64
		{C6081851-57FE-4C8D-A817-3CB627FFC5E8}.Release|x86.ActiveCfg = Release|x86
		{C6081851-57FE-4C8D-A817-3CB627FFC5E8}.Release|x86.Build.0 = Release|x86
		{87504C84-76DC-45EC-9D2C-83C8AA8FD2A8}.Debug|Any CPU.ActiveCfg = Debug|Any CPU
		{87504C84-76DC-45EC-9D2C-83C8AA8FD2A8}.Debug|Any CPU.Build.0 = Debug|Any CPU
		{87504C84-76DC-45EC-9D2C-83C8AA8FD2A8}.Debug|x64.ActiveCfg = Debug|x64
		{87504C84-76DC-45EC-9D2C-83C8AA8FD2A8}.Debug|x64.Build.0 = Debug|x64
		{87504C84-76DC-45EC-9D2C-83C8AA8FD2A8}.Debug|x86.ActiveCfg = Debug|x86
		{87504C84-76DC-45EC-9D2C-83C8AA8FD2A8}.Debug|x86.Build.0 = Debug|x86
		{87504C84-76DC-45EC-9D2C-83C8AA8FD2A8}.Release|Any CPU.ActiveCfg = Release|Any CPU
		{87504C84-76DC-45EC-9D2C-83C8AA8FD2A8}.Release|Any CPU.Build.0 = Release|Any CPU
		{87504C84-76DC-45EC-9D2C-83C8AA8FD2A8}.Release|x64.ActiveCfg = Release|x64
		{87504C84-76DC-45EC-9D2C-83C8AA8FD2A8}.Release|x64.Build.0 = Release|x64
		{87504C84-76DC-45EC-9D2C-83C8AA8FD2A8}.Release|x86.ActiveCfg = Release|x86
		{87504C84-76DC-45EC-9D2C-83C8AA8FD2A8}.Release|x86.Build.0 = Release|x86
	EndGlobalSection
	GlobalSection(SolutionProperties) = preSolution
		HideSolutionNode = FALSE
	EndGlobalSection
	GlobalSection(ExtensibilityGlobals) = postSolution
		SolutionGuid = {36B9E493-490E-484B-80BF-E1E4C2AA1F35}
	EndGlobalSection
EndGlobal
