
Microsoft Visual Studio Solution File, Format Version 12.00
# Visual Studio 15
VisualStudioVersion = 15.0.27130.2027
MinimumVisualStudioVersion = 15.0.26124.0
Project("{FAE04EC0-301F-11D3-BF4B-00C04F79EFBC}") = "Horsesoft.Music.Horsify.Base", "UI\Horsesoft.Music.Horsify.Base\Horsesoft.Music.Horsify.Base.csproj", "{B4DABE47-1E17-486D-85FB-2A232612BCCE}"
EndProject
Project("{FAE04EC0-301F-11D3-BF4B-00C04F79EFBC}") = "Horsesoft.Horsify.Resource", "UI\Horsesoft.Horsify.Resource\Horsesoft.Horsify.Resource.csproj", "{F4D8055D-B9BB-4968-B3AA-F0C9E59A1C26}"
EndProject
Project("{2150E333-8FDC-42A3-9474-1A3956D46DE8}") = "Dependencies", "Dependencies", "{6785E8C8-7EA3-4CCB-AD23-16100C503E7F}"
EndProject
Project("{FAE04EC0-301F-11D3-BF4B-00C04F79EFBC}") = "Horsesoft.Music.Engine", "BLL\Horsesoft.Music.Engine\Horsesoft.Music.Engine.csproj", "{AFE60C4D-8B71-4B87-9361-BDB07C369C15}"
EndProject
Project("{2150E333-8FDC-42A3-9474-1A3956D46DE8}") = "Tests", "Tests", "{74D75C82-809B-4CAC-9743-E774034FEF14}"
EndProject
Project("{9A19103F-16F7-4668-BE54-9A1E7A4F7556}") = "Horsesoft.Music.EngineTests", "Tests\Horsesoft.Music.EngineTests\Horsesoft.Music.EngineTests.csproj", "{77064C13-1B05-4988-B13C-17E701368D64}"
EndProject
Project("{9A19103F-16F7-4668-BE54-9A1E7A4F7556}") = "Horsesoft.Music.Data.Model", "Data\Horsesoft.Music.Data.Model\Horsesoft.Music.Data.Model.csproj", "{08F13562-A368-4A47-8B35-8EE67253BDAC}"
EndProject
Project("{9A19103F-16F7-4668-BE54-9A1E7A4F7556}") = "Horsesoft.Music.Data.Sqlite", "Data\Horsesoft.Music.Data.Sqlite\Horsesoft.Music.Data.Sqlite.csproj", "{39D2C713-D698-4605-8BF2-026AD0980562}"
EndProject
Project("{2150E333-8FDC-42A3-9474-1A3956D46DE8}") = "UI", "UI", "{877DF8E3-8050-43E3-874D-A6F819E06045}"
EndProject
Project("{FAE04EC0-301F-11D3-BF4B-00C04F79EFBC}") = "Horsesoft.Music.Horsify.Importer.UI.WPF", "Importing\Horsesoft.Music.Horsify.Importer.UI.WPF\Horsesoft.Music.Horsify.Importer.UI.WPF.csproj", "{CBE90713-DDE7-4F7E-B9FD-D9EE1237F9D0}"
EndProject
Project("{9A19103F-16F7-4668-BE54-9A1E7A4F7556}") = "Horsesoft.Music.Horsify.Repositories", "Data\Horsesoft.Music.Horsify.Repositories\Horsesoft.Music.Horsify.Repositories.csproj", "{DFA30715-77CE-45C3-8897-52EDF6A02625}"
EndProject
Global
	GlobalSection(SharedMSBuildProjectFiles) = preSolution
		UI\Horsesoft.Shared\Horsesoft.Shared.projitems*{f4d8055d-b9bb-4968-b3aa-f0c9e59a1c26}*SharedItemsImports = 4
	EndGlobalSection
	GlobalSection(SolutionConfigurationPlatforms) = preSolution
		Debug|Any CPU = Debug|Any CPU
		Debug|x64 = Debug|x64
		Debug|x86 = Debug|x86
		Release|Any CPU = Release|Any CPU
		Release|x64 = Release|x64
		Release|x86 = Release|x86
	EndGlobalSection
	GlobalSection(ProjectConfigurationPlatforms) = postSolution
		{B4DABE47-1E17-486D-85FB-2A232612BCCE}.Debug|Any CPU.ActiveCfg = Debug|Any CPU
		{B4DABE47-1E17-486D-85FB-2A232612BCCE}.Debug|Any CPU.Build.0 = Debug|Any CPU
		{B4DABE47-1E17-486D-85FB-2A232612BCCE}.Debug|x64.ActiveCfg = Debug|Any CPU
		{B4DABE47-1E17-486D-85FB-2A232612BCCE}.Debug|x64.Build.0 = Debug|Any CPU
		{B4DABE47-1E17-486D-85FB-2A232612BCCE}.Debug|x86.ActiveCfg = Debug|Any CPU
		{B4DABE47-1E17-486D-85FB-2A232612BCCE}.Debug|x86.Build.0 = Debug|Any CPU
		{B4DABE47-1E17-486D-85FB-2A232612BCCE}.Release|Any CPU.ActiveCfg = Release|Any CPU
		{B4DABE47-1E17-486D-85FB-2A232612BCCE}.Release|Any CPU.Build.0 = Release|Any CPU
		{B4DABE47-1E17-486D-85FB-2A232612BCCE}.Release|x64.ActiveCfg = Release|Any CPU
		{B4DABE47-1E17-486D-85FB-2A232612BCCE}.Release|x64.Build.0 = Release|Any CPU
		{B4DABE47-1E17-486D-85FB-2A232612BCCE}.Release|x86.ActiveCfg = Release|Any CPU
		{B4DABE47-1E17-486D-85FB-2A232612BCCE}.Release|x86.Build.0 = Release|Any CPU
		{F4D8055D-B9BB-4968-B3AA-F0C9E59A1C26}.Debug|Any CPU.ActiveCfg = Debug|Any CPU
		{F4D8055D-B9BB-4968-B3AA-F0C9E59A1C26}.Debug|Any CPU.Build.0 = Debug|Any CPU
		{F4D8055D-B9BB-4968-B3AA-F0C9E59A1C26}.Debug|x64.ActiveCfg = Debug|Any CPU
		{F4D8055D-B9BB-4968-B3AA-F0C9E59A1C26}.Debug|x64.Build.0 = Debug|Any CPU
		{F4D8055D-B9BB-4968-B3AA-F0C9E59A1C26}.Debug|x86.ActiveCfg = Debug|Any CPU
		{F4D8055D-B9BB-4968-B3AA-F0C9E59A1C26}.Debug|x86.Build.0 = Debug|Any CPU
		{F4D8055D-B9BB-4968-B3AA-F0C9E59A1C26}.Release|Any CPU.ActiveCfg = Release|Any CPU
		{F4D8055D-B9BB-4968-B3AA-F0C9E59A1C26}.Release|Any CPU.Build.0 = Release|Any CPU
		{F4D8055D-B9BB-4968-B3AA-F0C9E59A1C26}.Release|x64.ActiveCfg = Release|Any CPU
		{F4D8055D-B9BB-4968-B3AA-F0C9E59A1C26}.Release|x64.Build.0 = Release|Any CPU
		{F4D8055D-B9BB-4968-B3AA-F0C9E59A1C26}.Release|x86.ActiveCfg = Release|Any CPU
		{F4D8055D-B9BB-4968-B3AA-F0C9E59A1C26}.Release|x86.Build.0 = Release|Any CPU
		{AFE60C4D-8B71-4B87-9361-BDB07C369C15}.Debug|Any CPU.ActiveCfg = Debug|Any CPU
		{AFE60C4D-8B71-4B87-9361-BDB07C369C15}.Debug|Any CPU.Build.0 = Debug|Any CPU
		{AFE60C4D-8B71-4B87-9361-BDB07C369C15}.Debug|x64.ActiveCfg = Debug|Any CPU
		{AFE60C4D-8B71-4B87-9361-BDB07C369C15}.Debug|x64.Build.0 = Debug|Any CPU
		{AFE60C4D-8B71-4B87-9361-BDB07C369C15}.Debug|x86.ActiveCfg = Debug|Any CPU
		{AFE60C4D-8B71-4B87-9361-BDB07C369C15}.Debug|x86.Build.0 = Debug|Any CPU
		{AFE60C4D-8B71-4B87-9361-BDB07C369C15}.Release|Any CPU.ActiveCfg = Release|Any CPU
		{AFE60C4D-8B71-4B87-9361-BDB07C369C15}.Release|Any CPU.Build.0 = Release|Any CPU
		{AFE60C4D-8B71-4B87-9361-BDB07C369C15}.Release|x64.ActiveCfg = Release|Any CPU
		{AFE60C4D-8B71-4B87-9361-BDB07C369C15}.Release|x64.Build.0 = Release|Any CPU
		{AFE60C4D-8B71-4B87-9361-BDB07C369C15}.Release|x86.ActiveCfg = Release|Any CPU
		{AFE60C4D-8B71-4B87-9361-BDB07C369C15}.Release|x86.Build.0 = Release|Any CPU
		{77064C13-1B05-4988-B13C-17E701368D64}.Debug|Any CPU.ActiveCfg = Debug|Any CPU
		{77064C13-1B05-4988-B13C-17E701368D64}.Debug|Any CPU.Build.0 = Debug|Any CPU
		{77064C13-1B05-4988-B13C-17E701368D64}.Debug|x64.ActiveCfg = Debug|Any CPU
		{77064C13-1B05-4988-B13C-17E701368D64}.Debug|x64.Build.0 = Debug|Any CPU
		{77064C13-1B05-4988-B13C-17E701368D64}.Debug|x86.ActiveCfg = Debug|Any CPU
		{77064C13-1B05-4988-B13C-17E701368D64}.Debug|x86.Build.0 = Debug|Any CPU
		{77064C13-1B05-4988-B13C-17E701368D64}.Release|Any CPU.ActiveCfg = Release|Any CPU
		{77064C13-1B05-4988-B13C-17E701368D64}.Release|Any CPU.Build.0 = Release|Any CPU
		{77064C13-1B05-4988-B13C-17E701368D64}.Release|x64.ActiveCfg = Release|Any CPU
		{77064C13-1B05-4988-B13C-17E701368D64}.Release|x64.Build.0 = Release|Any CPU
		{77064C13-1B05-4988-B13C-17E701368D64}.Release|x86.ActiveCfg = Release|Any CPU
		{77064C13-1B05-4988-B13C-17E701368D64}.Release|x86.Build.0 = Release|Any CPU
		{08F13562-A368-4A47-8B35-8EE67253BDAC}.Debug|Any CPU.ActiveCfg = Debug|Any CPU
		{08F13562-A368-4A47-8B35-8EE67253BDAC}.Debug|Any CPU.Build.0 = Debug|Any CPU
		{08F13562-A368-4A47-8B35-8EE67253BDAC}.Debug|x64.ActiveCfg = Debug|Any CPU
		{08F13562-A368-4A47-8B35-8EE67253BDAC}.Debug|x64.Build.0 = Debug|Any CPU
		{08F13562-A368-4A47-8B35-8EE67253BDAC}.Debug|x86.ActiveCfg = Debug|Any CPU
		{08F13562-A368-4A47-8B35-8EE67253BDAC}.Debug|x86.Build.0 = Debug|Any CPU
		{08F13562-A368-4A47-8B35-8EE67253BDAC}.Release|Any CPU.ActiveCfg = Release|Any CPU
		{08F13562-A368-4A47-8B35-8EE67253BDAC}.Release|Any CPU.Build.0 = Release|Any CPU
		{08F13562-A368-4A47-8B35-8EE67253BDAC}.Release|x64.ActiveCfg = Release|Any CPU
		{08F13562-A368-4A47-8B35-8EE67253BDAC}.Release|x64.Build.0 = Release|Any CPU
		{08F13562-A368-4A47-8B35-8EE67253BDAC}.Release|x86.ActiveCfg = Release|Any CPU
		{08F13562-A368-4A47-8B35-8EE67253BDAC}.Release|x86.Build.0 = Release|Any CPU
		{39D2C713-D698-4605-8BF2-026AD0980562}.Debug|Any CPU.ActiveCfg = Debug|Any CPU
		{39D2C713-D698-4605-8BF2-026AD0980562}.Debug|Any CPU.Build.0 = Debug|Any CPU
		{39D2C713-D698-4605-8BF2-026AD0980562}.Debug|x64.ActiveCfg = Debug|Any CPU
		{39D2C713-D698-4605-8BF2-026AD0980562}.Debug|x64.Build.0 = Debug|Any CPU
		{39D2C713-D698-4605-8BF2-026AD0980562}.Debug|x86.ActiveCfg = Debug|Any CPU
		{39D2C713-D698-4605-8BF2-026AD0980562}.Debug|x86.Build.0 = Debug|Any CPU
		{39D2C713-D698-4605-8BF2-026AD0980562}.Release|Any CPU.ActiveCfg = Release|Any CPU
		{39D2C713-D698-4605-8BF2-026AD0980562}.Release|Any CPU.Build.0 = Release|Any CPU
		{39D2C713-D698-4605-8BF2-026AD0980562}.Release|x64.ActiveCfg = Release|Any CPU
		{39D2C713-D698-4605-8BF2-026AD0980562}.Release|x64.Build.0 = Release|Any CPU
		{39D2C713-D698-4605-8BF2-026AD0980562}.Release|x86.ActiveCfg = Release|Any CPU
		{39D2C713-D698-4605-8BF2-026AD0980562}.Release|x86.Build.0 = Release|Any CPU
		{CBE90713-DDE7-4F7E-B9FD-D9EE1237F9D0}.Debug|Any CPU.ActiveCfg = Debug|Any CPU
		{CBE90713-DDE7-4F7E-B9FD-D9EE1237F9D0}.Debug|Any CPU.Build.0 = Debug|Any CPU
		{CBE90713-DDE7-4F7E-B9FD-D9EE1237F9D0}.Debug|x64.ActiveCfg = Debug|Any CPU
		{CBE90713-DDE7-4F7E-B9FD-D9EE1237F9D0}.Debug|x64.Build.0 = Debug|Any CPU
		{CBE90713-DDE7-4F7E-B9FD-D9EE1237F9D0}.Debug|x86.ActiveCfg = Debug|Any CPU
		{CBE90713-DDE7-4F7E-B9FD-D9EE1237F9D0}.Debug|x86.Build.0 = Debug|Any CPU
		{CBE90713-DDE7-4F7E-B9FD-D9EE1237F9D0}.Release|Any CPU.ActiveCfg = Release|Any CPU
		{CBE90713-DDE7-4F7E-B9FD-D9EE1237F9D0}.Release|Any CPU.Build.0 = Release|Any CPU
		{CBE90713-DDE7-4F7E-B9FD-D9EE1237F9D0}.Release|x64.ActiveCfg = Release|Any CPU
		{CBE90713-DDE7-4F7E-B9FD-D9EE1237F9D0}.Release|x64.Build.0 = Release|Any CPU
		{CBE90713-DDE7-4F7E-B9FD-D9EE1237F9D0}.Release|x86.ActiveCfg = Release|Any CPU
		{CBE90713-DDE7-4F7E-B9FD-D9EE1237F9D0}.Release|x86.Build.0 = Release|Any CPU
		{DFA30715-77CE-45C3-8897-52EDF6A02625}.Debug|Any CPU.ActiveCfg = Debug|Any CPU
		{DFA30715-77CE-45C3-8897-52EDF6A02625}.Debug|Any CPU.Build.0 = Debug|Any CPU
		{DFA30715-77CE-45C3-8897-52EDF6A02625}.Debug|x64.ActiveCfg = Debug|Any CPU
		{DFA30715-77CE-45C3-8897-52EDF6A02625}.Debug|x64.Build.0 = Debug|Any CPU
		{DFA30715-77CE-45C3-8897-52EDF6A02625}.Debug|x86.ActiveCfg = Debug|Any CPU
		{DFA30715-77CE-45C3-8897-52EDF6A02625}.Debug|x86.Build.0 = Debug|Any CPU
		{DFA30715-77CE-45C3-8897-52EDF6A02625}.Release|Any CPU.ActiveCfg = Release|Any CPU
		{DFA30715-77CE-45C3-8897-52EDF6A02625}.Release|Any CPU.Build.0 = Release|Any CPU
		{DFA30715-77CE-45C3-8897-52EDF6A02625}.Release|x64.ActiveCfg = Release|Any CPU
		{DFA30715-77CE-45C3-8897-52EDF6A02625}.Release|x64.Build.0 = Release|Any CPU
		{DFA30715-77CE-45C3-8897-52EDF6A02625}.Release|x86.ActiveCfg = Release|Any CPU
		{DFA30715-77CE-45C3-8897-52EDF6A02625}.Release|x86.Build.0 = Release|Any CPU
	EndGlobalSection
	GlobalSection(SolutionProperties) = preSolution
		HideSolutionNode = FALSE
	EndGlobalSection
	GlobalSection(NestedProjects) = preSolution
		{B4DABE47-1E17-486D-85FB-2A232612BCCE} = {6785E8C8-7EA3-4CCB-AD23-16100C503E7F}
		{F4D8055D-B9BB-4968-B3AA-F0C9E59A1C26} = {6785E8C8-7EA3-4CCB-AD23-16100C503E7F}
		{AFE60C4D-8B71-4B87-9361-BDB07C369C15} = {6785E8C8-7EA3-4CCB-AD23-16100C503E7F}
		{77064C13-1B05-4988-B13C-17E701368D64} = {74D75C82-809B-4CAC-9743-E774034FEF14}
		{08F13562-A368-4A47-8B35-8EE67253BDAC} = {6785E8C8-7EA3-4CCB-AD23-16100C503E7F}
		{39D2C713-D698-4605-8BF2-026AD0980562} = {6785E8C8-7EA3-4CCB-AD23-16100C503E7F}
		{CBE90713-DDE7-4F7E-B9FD-D9EE1237F9D0} = {877DF8E3-8050-43E3-874D-A6F819E06045}
		{DFA30715-77CE-45C3-8897-52EDF6A02625} = {6785E8C8-7EA3-4CCB-AD23-16100C503E7F}
	EndGlobalSection
	GlobalSection(ExtensibilityGlobals) = postSolution
		SolutionGuid = {4C754A80-CF69-449F-8279-755ACE301DC3}
	EndGlobalSection
EndGlobal
