
Microsoft Visual Studio Solution File, Format Version 12.00
# Visual Studio 15
VisualStudioVersion = 15.0.27130.2027
MinimumVisualStudioVersion = 15.0.26124.0
Project("{2150E333-8FDC-42A3-9474-1A3956D46DE8}") = "UI", "UI", "{C5DAF414-9D26-498A-B3CC-E2017A850E3A}"
EndProject
Project("{2150E333-8FDC-42A3-9474-1A3956D46DE8}") = "Importer", "Importer", "{DA1972B3-D821-4C5F-841B-127B229C0D74}"
EndProject
Project("{FAE04EC0-301F-11D3-BF4B-00C04F79EFBC}") = "Horsesoft.Music.Horsify.Base", "UI\Horsesoft.Music.Horsify.Base\Horsesoft.Music.Horsify.Base.csproj", "{B4DABE47-1E17-486D-85FB-2A232612BCCE}"
EndProject
Project("{FAE04EC0-301F-11D3-BF4B-00C04F79EFBC}") = "Horsesoft.Horsify.Resource", "UI\Horsesoft.Horsify.Resource\Horsesoft.Horsify.Resource.csproj", "{F4D8055D-B9BB-4968-B3AA-F0C9E59A1C26}"
EndProject
Project("{2150E333-8FDC-42A3-9474-1A3956D46DE8}") = "BLL", "BLL", "{0F1A3FBA-9F22-4AE9-9407-9157D2487743}"
EndProject
Project("{FAE04EC0-301F-11D3-BF4B-00C04F79EFBC}") = "Horsesoft.Music.Engine", "BLL\Horsesoft.Music.Engine\Horsesoft.Music.Engine.csproj", "{AFE60C4D-8B71-4B87-9361-BDB07C369C15}"
EndProject
Project("{2150E333-8FDC-42A3-9474-1A3956D46DE8}") = "DAL", "DAL", "{66299911-36B1-4720-AC8C-A21A726DD794}"
EndProject
Project("{9A19103F-16F7-4668-BE54-9A1E7A4F7556}") = "Horsesoft.Music.Data.Model", "Data\Horsesoft.Music.Data.Model\Horsesoft.Music.Data.Model.csproj", "{2239C208-DFE2-4BB4-8BFE-18E32A983190}"
EndProject
Project("{9A19103F-16F7-4668-BE54-9A1E7A4F7556}") = "Horsesoft.Music.Data.Sqlite", "Data\Horsesoft.Music.Data.Sqlite\Horsesoft.Music.Data.Sqlite.csproj", "{B2902570-60CC-484C-BEB0-E17ED50809C2}"
EndProject
Project("{9A19103F-16F7-4668-BE54-9A1E7A4F7556}") = "Horsesoft.Music.Horsify.Repositories", "Data\Horsesoft.Music.Horsify.Repositories\Horsesoft.Music.Horsify.Repositories.csproj", "{6F4DD4B9-FCD7-4CB2-AA0C-022B81E68595}"
EndProject
Project("{2150E333-8FDC-42A3-9474-1A3956D46DE8}") = "Tests", "Tests", "{26587C9B-2E4F-44B5-8C16-FB51D4F291E3}"
EndProject
Project("{9A19103F-16F7-4668-BE54-9A1E7A4F7556}") = "Horsesoft.Music.Horsify.RepositoryTests", "Tests\Horsesoft.Music.Horsify.RepositoryTests\Horsesoft.Music.Horsify.RepositoryTests.csproj", "{6B8CFB00-E09F-4976-B818-B29C4CC05F61}"
EndProject
Project("{2150E333-8FDC-42A3-9474-1A3956D46DE8}") = "Services", "Services", "{98CE15E5-746E-4DAB-86F3-E38D2FE68E8F}"
EndProject
Project("{2150E333-8FDC-42A3-9474-1A3956D46DE8}") = "Installer", "Installer", "{52E04471-A96B-4597-B467-BC53BDF14E91}"
EndProject
Project("{9A19103F-16F7-4668-BE54-9A1E7A4F7556}") = "Horsesoft.Music.EngineTests", "Tests\Horsesoft.Music.EngineTests\Horsesoft.Music.EngineTests.csproj", "{C6B03ED1-6940-4F87-BC8D-E6B2C1F9B231}"
EndProject
Project("{2150E333-8FDC-42A3-9474-1A3956D46DE8}") = "PrismModules", "PrismModules", "{E82BA2A4-1E9B-43E1-BD86-645AC814C51B}"
EndProject
Project("{FAE04EC0-301F-11D3-BF4B-00C04F79EFBC}") = "Horsesoft.Music.Horsify.WPF.Shell", "UI\Horsesoft.Music.Horsify.WPF.Shell\Horsesoft.Music.Horsify.WPF.Shell.csproj", "{3F8ED2D7-8CA1-463B-B7F5-B108CC271344}"
EndProject
Project("{FAE04EC0-301F-11D3-BF4B-00C04F79EFBC}") = "Horsesoft.Horsify.DjHorsify", "UI\PrismModules\Horsesoft.Horsify.DjHorsify\Horsesoft.Horsify.DjHorsify.csproj", "{6F6DA20C-4065-4847-B30A-F610974B70B1}"
EndProject
Project("{FAE04EC0-301F-11D3-BF4B-00C04F79EFBC}") = "Horsesoft.Horsify.MediaPlayer", "UI\PrismModules\Horsesoft.Horsify.MediaPlayer\Horsesoft.Horsify.MediaPlayer.csproj", "{BB806517-9D65-4C81-A41F-89854229996A}"
EndProject
Project("{FAE04EC0-301F-11D3-BF4B-00C04F79EFBC}") = "Horsesoft.Horsify.QueueModule", "UI\PrismModules\Horsesoft.Horsify.QueueModule\Horsesoft.Horsify.QueueModule.csproj", "{CBB09B86-73FA-4341-A11B-FD2C28C72818}"
EndProject
Project("{FAE04EC0-301F-11D3-BF4B-00C04F79EFBC}") = "Horsesoft.Horsify.SearchModule", "UI\PrismModules\Horsesoft.Horsify.SearchModule\Horsesoft.Horsify.SearchModule.csproj", "{500AD01E-64F8-4908-96C4-A374DE0CC724}"
EndProject
Project("{FAE04EC0-301F-11D3-BF4B-00C04F79EFBC}") = "Horsesoft.Horsify.ServicesModule", "UI\PrismModules\Horsesoft.Horsify.ServicesModule\Horsesoft.Horsify.ServicesModule.csproj", "{0A5A49A1-E528-4375-8C5D-6A452912332D}"
EndProject
Project("{FAE04EC0-301F-11D3-BF4B-00C04F79EFBC}") = "Horsesoft.Horsify.SettingsModule", "UI\PrismModules\Horsesoft.Horsify.SettingsModule\Horsesoft.Horsify.SettingsModule.csproj", "{68CE62D3-2653-4BE3-ACD8-E56361A83D8D}"
EndProject
Project("{FAE04EC0-301F-11D3-BF4B-00C04F79EFBC}") = "Horsesoft.Horsify.SideMenu", "UI\PrismModules\Horsesoft.Horsify.SideMenu\Horsesoft.Horsify.SideMenu.csproj", "{2A77C8F6-6553-4EAC-BEEE-24C6FCA542AD}"
EndProject
Project("{FAE04EC0-301F-11D3-BF4B-00C04F79EFBC}") = "Horsesoft.Music.Horsify.Importer.UI.WPF", "UI\Horsesoft.Music.Horsify.Importer.UI.WPF\Horsesoft.Music.Horsify.Importer.UI.WPF.csproj", "{CBE90713-DDE7-4F7E-B9FD-D9EE1237F9D0}"
EndProject
Project("{FAE04EC0-301F-11D3-BF4B-00C04F79EFBC}") = "Horsesoft.Horsify.PlaylistsModule", "UI\PrismModules\Horsesoft.Horsify.PlaylistsModule\Horsesoft.Horsify.PlaylistsModule.csproj", "{226B3819-ECE4-4F10-8CDD-7FA123C78622}"
EndProject
Project("{D954291E-2A0B-460D-934E-DC6B0785DB48}") = "Shared", "UI\Horsesoft.Shared\Shared.shproj", "{8C66C47F-CFEA-4D41-8ABB-A58B10681A67}"
EndProject
Project("{9A19103F-16F7-4668-BE54-9A1E7A4F7556}") = "Horsesoft.Vlc", "BLL\Horsesoft.Vlc\Horsesoft.Vlc.csproj", "{441B84D0-BFF8-4970-8009-1B2F2B90CC27}"
EndProject
Project("{2150E333-8FDC-42A3-9474-1A3956D46DE8}") = "Resource", "Resource", "{EDB7A7C8-6344-4571-BA24-799EFAE29A1B}"
EndProject
Project("{9A19103F-16F7-4668-BE54-9A1E7A4F7556}") = "Horsesoft.Music.Horsify.Api", "Services\Horsesoft.Music.Horsify.Api\Horsesoft.Music.Horsify.Api.csproj", "{DC051983-8F65-4377-AD43-ADD0E70EADAB}"
EndProject
Project("{930C7802-8A8C-48F9-8165-68863BCCD9DD}") = "Horsify2.Installer", "Installer\Horsify2.Installer\Horsify2.Installer.wixproj", "{42E3478F-94AC-466B-A40E-526F87216FFB}"
EndProject
Project("{9A19103F-16F7-4668-BE54-9A1E7A4F7556}") = "HorsifyBlazor", "UI\HorsifyBlazor\HorsifyBlazor.csproj", "{402F66E5-01FB-4D70-9CA0-B3EC2C564255}"
EndProject
Project("{FAE04EC0-301F-11D3-BF4B-00C04F79EFBC}") = "Horsesoft.Horsify.Speech", "BLL\Horsesoft.Horsify.Speech\Horsesoft.Horsify.Speech.csproj", "{083F7F14-1903-4AC4-AE44-628E7735E1F0}"
EndProject
Global
	GlobalSection(SharedMSBuildProjectFiles) = preSolution
		UI\Horsesoft.Shared\Horsesoft.Shared.projitems*{8c66c47f-cfea-4d41-8abb-a58b10681a67}*SharedItemsImports = 13
		UI\Horsesoft.Shared\Horsesoft.Shared.projitems*{f4d8055d-b9bb-4968-b3aa-f0c9e59a1c26}*SharedItemsImports = 4
	EndGlobalSection
	GlobalSection(SolutionConfigurationPlatforms) = preSolution
		Debug|Any CPU = Debug|Any CPU
		Debug|ia64 = Debug|ia64
		Debug|x64 = Debug|x64
		Debug|x86 = Debug|x86
		Release|Any CPU = Release|Any CPU
		Release|ia64 = Release|ia64
		Release|x64 = Release|x64
		Release|x86 = Release|x86
	EndGlobalSection
	GlobalSection(ProjectConfigurationPlatforms) = postSolution
		{B4DABE47-1E17-486D-85FB-2A232612BCCE}.Debug|Any CPU.ActiveCfg = Debug|Any CPU
		{B4DABE47-1E17-486D-85FB-2A232612BCCE}.Debug|Any CPU.Build.0 = Debug|Any CPU
		{B4DABE47-1E17-486D-85FB-2A232612BCCE}.Debug|ia64.ActiveCfg = Debug|Any CPU
		{B4DABE47-1E17-486D-85FB-2A232612BCCE}.Debug|ia64.Build.0 = Debug|Any CPU
		{B4DABE47-1E17-486D-85FB-2A232612BCCE}.Debug|x64.ActiveCfg = Debug|Any CPU
		{B4DABE47-1E17-486D-85FB-2A232612BCCE}.Debug|x64.Build.0 = Debug|Any CPU
		{B4DABE47-1E17-486D-85FB-2A232612BCCE}.Debug|x86.ActiveCfg = Debug|Any CPU
		{B4DABE47-1E17-486D-85FB-2A232612BCCE}.Debug|x86.Build.0 = Debug|Any CPU
		{B4DABE47-1E17-486D-85FB-2A232612BCCE}.Release|Any CPU.ActiveCfg = Release|Any CPU
		{B4DABE47-1E17-486D-85FB-2A232612BCCE}.Release|Any CPU.Build.0 = Release|Any CPU
		{B4DABE47-1E17-486D-85FB-2A232612BCCE}.Release|ia64.ActiveCfg = Release|Any CPU
		{B4DABE47-1E17-486D-85FB-2A232612BCCE}.Release|ia64.Build.0 = Release|Any CPU
		{B4DABE47-1E17-486D-85FB-2A232612BCCE}.Release|x64.ActiveCfg = Release|x64
		{B4DABE47-1E17-486D-85FB-2A232612BCCE}.Release|x64.Build.0 = Release|x64
		{B4DABE47-1E17-486D-85FB-2A232612BCCE}.Release|x86.ActiveCfg = Release|x86
		{B4DABE47-1E17-486D-85FB-2A232612BCCE}.Release|x86.Build.0 = Release|x86
		{F4D8055D-B9BB-4968-B3AA-F0C9E59A1C26}.Debug|Any CPU.ActiveCfg = Release|Any CPU
		{F4D8055D-B9BB-4968-B3AA-F0C9E59A1C26}.Debug|Any CPU.Build.0 = Release|Any CPU
		{F4D8055D-B9BB-4968-B3AA-F0C9E59A1C26}.Debug|ia64.ActiveCfg = Debug|Any CPU
		{F4D8055D-B9BB-4968-B3AA-F0C9E59A1C26}.Debug|ia64.Build.0 = Debug|Any CPU
		{F4D8055D-B9BB-4968-B3AA-F0C9E59A1C26}.Debug|x64.ActiveCfg = Debug|Any CPU
		{F4D8055D-B9BB-4968-B3AA-F0C9E59A1C26}.Debug|x64.Build.0 = Debug|Any CPU
		{F4D8055D-B9BB-4968-B3AA-F0C9E59A1C26}.Debug|x86.ActiveCfg = Debug|Any CPU
		{F4D8055D-B9BB-4968-B3AA-F0C9E59A1C26}.Debug|x86.Build.0 = Debug|Any CPU
		{F4D8055D-B9BB-4968-B3AA-F0C9E59A1C26}.Release|Any CPU.ActiveCfg = Release|Any CPU
		{F4D8055D-B9BB-4968-B3AA-F0C9E59A1C26}.Release|Any CPU.Build.0 = Release|Any CPU
		{F4D8055D-B9BB-4968-B3AA-F0C9E59A1C26}.Release|ia64.ActiveCfg = Release|Any CPU
		{F4D8055D-B9BB-4968-B3AA-F0C9E59A1C26}.Release|ia64.Build.0 = Release|Any CPU
		{F4D8055D-B9BB-4968-B3AA-F0C9E59A1C26}.Release|x64.ActiveCfg = Release|x64
		{F4D8055D-B9BB-4968-B3AA-F0C9E59A1C26}.Release|x64.Build.0 = Release|x64
		{F4D8055D-B9BB-4968-B3AA-F0C9E59A1C26}.Release|x86.ActiveCfg = Release|x86
		{F4D8055D-B9BB-4968-B3AA-F0C9E59A1C26}.Release|x86.Build.0 = Release|x86
		{AFE60C4D-8B71-4B87-9361-BDB07C369C15}.Debug|Any CPU.ActiveCfg = Debug|Any CPU
		{AFE60C4D-8B71-4B87-9361-BDB07C369C15}.Debug|Any CPU.Build.0 = Debug|Any CPU
		{AFE60C4D-8B71-4B87-9361-BDB07C369C15}.Debug|ia64.ActiveCfg = Debug|Any CPU
		{AFE60C4D-8B71-4B87-9361-BDB07C369C15}.Debug|ia64.Build.0 = Debug|Any CPU
		{AFE60C4D-8B71-4B87-9361-BDB07C369C15}.Debug|x64.ActiveCfg = Debug|Any CPU
		{AFE60C4D-8B71-4B87-9361-BDB07C369C15}.Debug|x64.Build.0 = Debug|Any CPU
		{AFE60C4D-8B71-4B87-9361-BDB07C369C15}.Debug|x86.ActiveCfg = Debug|Any CPU
		{AFE60C4D-8B71-4B87-9361-BDB07C369C15}.Debug|x86.Build.0 = Debug|Any CPU
		{AFE60C4D-8B71-4B87-9361-BDB07C369C15}.Release|Any CPU.ActiveCfg = Release|Any CPU
		{AFE60C4D-8B71-4B87-9361-BDB07C369C15}.Release|Any CPU.Build.0 = Release|Any CPU
		{AFE60C4D-8B71-4B87-9361-BDB07C369C15}.Release|ia64.ActiveCfg = Release|Any CPU
		{AFE60C4D-8B71-4B87-9361-BDB07C369C15}.Release|ia64.Build.0 = Release|Any CPU
		{AFE60C4D-8B71-4B87-9361-BDB07C369C15}.Release|x64.ActiveCfg = Release|x64
		{AFE60C4D-8B71-4B87-9361-BDB07C369C15}.Release|x64.Build.0 = Release|x64
		{AFE60C4D-8B71-4B87-9361-BDB07C369C15}.Release|x86.ActiveCfg = Release|x86
		{AFE60C4D-8B71-4B87-9361-BDB07C369C15}.Release|x86.Build.0 = Release|x86
		{2239C208-DFE2-4BB4-8BFE-18E32A983190}.Debug|Any CPU.ActiveCfg = Debug|Any CPU
		{2239C208-DFE2-4BB4-8BFE-18E32A983190}.Debug|Any CPU.Build.0 = Debug|Any CPU
		{2239C208-DFE2-4BB4-8BFE-18E32A983190}.Debug|ia64.ActiveCfg = Debug|Any CPU
		{2239C208-DFE2-4BB4-8BFE-18E32A983190}.Debug|ia64.Build.0 = Debug|Any CPU
		{2239C208-DFE2-4BB4-8BFE-18E32A983190}.Debug|x64.ActiveCfg = Debug|Any CPU
		{2239C208-DFE2-4BB4-8BFE-18E32A983190}.Debug|x64.Build.0 = Debug|Any CPU
		{2239C208-DFE2-4BB4-8BFE-18E32A983190}.Debug|x86.ActiveCfg = Debug|Any CPU
		{2239C208-DFE2-4BB4-8BFE-18E32A983190}.Debug|x86.Build.0 = Debug|Any CPU
		{2239C208-DFE2-4BB4-8BFE-18E32A983190}.Release|Any CPU.ActiveCfg = Release|Any CPU
		{2239C208-DFE2-4BB4-8BFE-18E32A983190}.Release|Any CPU.Build.0 = Release|Any CPU
		{2239C208-DFE2-4BB4-8BFE-18E32A983190}.Release|ia64.ActiveCfg = Release|Any CPU
		{2239C208-DFE2-4BB4-8BFE-18E32A983190}.Release|ia64.Build.0 = Release|Any CPU
		{2239C208-DFE2-4BB4-8BFE-18E32A983190}.Release|x64.ActiveCfg = Release|x64
		{2239C208-DFE2-4BB4-8BFE-18E32A983190}.Release|x64.Build.0 = Release|x64
		{2239C208-DFE2-4BB4-8BFE-18E32A983190}.Release|x86.ActiveCfg = Release|x86
		{2239C208-DFE2-4BB4-8BFE-18E32A983190}.Release|x86.Build.0 = Release|x86
		{B2902570-60CC-484C-BEB0-E17ED50809C2}.Debug|Any CPU.ActiveCfg = Debug|Any CPU
		{B2902570-60CC-484C-BEB0-E17ED50809C2}.Debug|Any CPU.Build.0 = Debug|Any CPU
		{B2902570-60CC-484C-BEB0-E17ED50809C2}.Debug|ia64.ActiveCfg = Debug|Any CPU
		{B2902570-60CC-484C-BEB0-E17ED50809C2}.Debug|ia64.Build.0 = Debug|Any CPU
		{B2902570-60CC-484C-BEB0-E17ED50809C2}.Debug|x64.ActiveCfg = Debug|Any CPU
		{B2902570-60CC-484C-BEB0-E17ED50809C2}.Debug|x64.Build.0 = Debug|Any CPU
		{B2902570-60CC-484C-BEB0-E17ED50809C2}.Debug|x86.ActiveCfg = Debug|Any CPU
		{B2902570-60CC-484C-BEB0-E17ED50809C2}.Debug|x86.Build.0 = Debug|Any CPU
		{B2902570-60CC-484C-BEB0-E17ED50809C2}.Release|Any CPU.ActiveCfg = Release|Any CPU
		{B2902570-60CC-484C-BEB0-E17ED50809C2}.Release|Any CPU.Build.0 = Release|Any CPU
		{B2902570-60CC-484C-BEB0-E17ED50809C2}.Release|ia64.ActiveCfg = Release|Any CPU
		{B2902570-60CC-484C-BEB0-E17ED50809C2}.Release|ia64.Build.0 = Release|Any CPU
		{B2902570-60CC-484C-BEB0-E17ED50809C2}.Release|x64.ActiveCfg = Release|x64
		{B2902570-60CC-484C-BEB0-E17ED50809C2}.Release|x64.Build.0 = Release|x64
		{B2902570-60CC-484C-BEB0-E17ED50809C2}.Release|x86.ActiveCfg = Release|x86
		{B2902570-60CC-484C-BEB0-E17ED50809C2}.Release|x86.Build.0 = Release|x86
		{6F4DD4B9-FCD7-4CB2-AA0C-022B81E68595}.Debug|Any CPU.ActiveCfg = Debug|Any CPU
		{6F4DD4B9-FCD7-4CB2-AA0C-022B81E68595}.Debug|Any CPU.Build.0 = Debug|Any CPU
		{6F4DD4B9-FCD7-4CB2-AA0C-022B81E68595}.Debug|ia64.ActiveCfg = Debug|Any CPU
		{6F4DD4B9-FCD7-4CB2-AA0C-022B81E68595}.Debug|ia64.Build.0 = Debug|Any CPU
		{6F4DD4B9-FCD7-4CB2-AA0C-022B81E68595}.Debug|x64.ActiveCfg = Debug|Any CPU
		{6F4DD4B9-FCD7-4CB2-AA0C-022B81E68595}.Debug|x64.Build.0 = Debug|Any CPU
		{6F4DD4B9-FCD7-4CB2-AA0C-022B81E68595}.Debug|x86.ActiveCfg = Debug|Any CPU
		{6F4DD4B9-FCD7-4CB2-AA0C-022B81E68595}.Debug|x86.Build.0 = Debug|Any CPU
		{6F4DD4B9-FCD7-4CB2-AA0C-022B81E68595}.Release|Any CPU.ActiveCfg = Release|Any CPU
		{6F4DD4B9-FCD7-4CB2-AA0C-022B81E68595}.Release|Any CPU.Build.0 = Release|Any CPU
		{6F4DD4B9-FCD7-4CB2-AA0C-022B81E68595}.Release|ia64.ActiveCfg = Release|Any CPU
		{6F4DD4B9-FCD7-4CB2-AA0C-022B81E68595}.Release|ia64.Build.0 = Release|Any CPU
		{6F4DD4B9-FCD7-4CB2-AA0C-022B81E68595}.Release|x64.ActiveCfg = Release|x64
		{6F4DD4B9-FCD7-4CB2-AA0C-022B81E68595}.Release|x64.Build.0 = Release|x64
		{6F4DD4B9-FCD7-4CB2-AA0C-022B81E68595}.Release|x86.ActiveCfg = Release|x86
		{6F4DD4B9-FCD7-4CB2-AA0C-022B81E68595}.Release|x86.Build.0 = Release|x86
		{6B8CFB00-E09F-4976-B818-B29C4CC05F61}.Debug|Any CPU.ActiveCfg = Debug|Any CPU
		{6B8CFB00-E09F-4976-B818-B29C4CC05F61}.Debug|Any CPU.Build.0 = Debug|Any CPU
		{6B8CFB00-E09F-4976-B818-B29C4CC05F61}.Debug|ia64.ActiveCfg = Debug|Any CPU
		{6B8CFB00-E09F-4976-B818-B29C4CC05F61}.Debug|ia64.Build.0 = Debug|Any CPU
		{6B8CFB00-E09F-4976-B818-B29C4CC05F61}.Debug|x64.ActiveCfg = Debug|Any CPU
		{6B8CFB00-E09F-4976-B818-B29C4CC05F61}.Debug|x64.Build.0 = Debug|Any CPU
		{6B8CFB00-E09F-4976-B818-B29C4CC05F61}.Debug|x86.ActiveCfg = Debug|Any CPU
		{6B8CFB00-E09F-4976-B818-B29C4CC05F61}.Debug|x86.Build.0 = Debug|Any CPU
		{6B8CFB00-E09F-4976-B818-B29C4CC05F61}.Release|Any CPU.ActiveCfg = Release|Any CPU
		{6B8CFB00-E09F-4976-B818-B29C4CC05F61}.Release|Any CPU.Build.0 = Release|Any CPU
		{6B8CFB00-E09F-4976-B818-B29C4CC05F61}.Release|ia64.ActiveCfg = Release|Any CPU
		{6B8CFB00-E09F-4976-B818-B29C4CC05F61}.Release|ia64.Build.0 = Release|Any CPU
		{6B8CFB00-E09F-4976-B818-B29C4CC05F61}.Release|x64.ActiveCfg = Release|x64
		{6B8CFB00-E09F-4976-B818-B29C4CC05F61}.Release|x64.Build.0 = Release|x64
		{6B8CFB00-E09F-4976-B818-B29C4CC05F61}.Release|x86.ActiveCfg = Release|x86
		{6B8CFB00-E09F-4976-B818-B29C4CC05F61}.Release|x86.Build.0 = Release|x86
		{C6B03ED1-6940-4F87-BC8D-E6B2C1F9B231}.Debug|Any CPU.ActiveCfg = Debug|Any CPU
		{C6B03ED1-6940-4F87-BC8D-E6B2C1F9B231}.Debug|Any CPU.Build.0 = Debug|Any CPU
		{C6B03ED1-6940-4F87-BC8D-E6B2C1F9B231}.Debug|ia64.ActiveCfg = Debug|Any CPU
		{C6B03ED1-6940-4F87-BC8D-E6B2C1F9B231}.Debug|ia64.Build.0 = Debug|Any CPU
		{C6B03ED1-6940-4F87-BC8D-E6B2C1F9B231}.Debug|x64.ActiveCfg = Debug|Any CPU
		{C6B03ED1-6940-4F87-BC8D-E6B2C1F9B231}.Debug|x64.Build.0 = Debug|Any CPU
		{C6B03ED1-6940-4F87-BC8D-E6B2C1F9B231}.Debug|x86.ActiveCfg = Debug|Any CPU
		{C6B03ED1-6940-4F87-BC8D-E6B2C1F9B231}.Debug|x86.Build.0 = Debug|Any CPU
		{C6B03ED1-6940-4F87-BC8D-E6B2C1F9B231}.Release|Any CPU.ActiveCfg = Release|Any CPU
		{C6B03ED1-6940-4F87-BC8D-E6B2C1F9B231}.Release|Any CPU.Build.0 = Release|Any CPU
		{C6B03ED1-6940-4F87-BC8D-E6B2C1F9B231}.Release|ia64.ActiveCfg = Release|Any CPU
		{C6B03ED1-6940-4F87-BC8D-E6B2C1F9B231}.Release|ia64.Build.0 = Release|Any CPU
		{C6B03ED1-6940-4F87-BC8D-E6B2C1F9B231}.Release|x64.ActiveCfg = Release|x64
		{C6B03ED1-6940-4F87-BC8D-E6B2C1F9B231}.Release|x64.Build.0 = Release|x64
		{C6B03ED1-6940-4F87-BC8D-E6B2C1F9B231}.Release|x86.ActiveCfg = Release|x86
		{C6B03ED1-6940-4F87-BC8D-E6B2C1F9B231}.Release|x86.Build.0 = Release|x86
		{3F8ED2D7-8CA1-463B-B7F5-B108CC271344}.Debug|Any CPU.ActiveCfg = Debug|Any CPU
		{3F8ED2D7-8CA1-463B-B7F5-B108CC271344}.Debug|Any CPU.Build.0 = Debug|Any CPU
		{3F8ED2D7-8CA1-463B-B7F5-B108CC271344}.Debug|ia64.ActiveCfg = Debug|Any CPU
		{3F8ED2D7-8CA1-463B-B7F5-B108CC271344}.Debug|ia64.Build.0 = Debug|Any CPU
		{3F8ED2D7-8CA1-463B-B7F5-B108CC271344}.Debug|x64.ActiveCfg = Debug|Any CPU
		{3F8ED2D7-8CA1-463B-B7F5-B108CC271344}.Debug|x64.Build.0 = Debug|Any CPU
		{3F8ED2D7-8CA1-463B-B7F5-B108CC271344}.Debug|x86.ActiveCfg = Debug|x86
		{3F8ED2D7-8CA1-463B-B7F5-B108CC271344}.Debug|x86.Build.0 = Debug|x86
		{3F8ED2D7-8CA1-463B-B7F5-B108CC271344}.Release|Any CPU.ActiveCfg = Release|Any CPU
		{3F8ED2D7-8CA1-463B-B7F5-B108CC271344}.Release|Any CPU.Build.0 = Release|Any CPU
		{3F8ED2D7-8CA1-463B-B7F5-B108CC271344}.Release|ia64.ActiveCfg = Release|Any CPU
		{3F8ED2D7-8CA1-463B-B7F5-B108CC271344}.Release|ia64.Build.0 = Release|Any CPU
		{3F8ED2D7-8CA1-463B-B7F5-B108CC271344}.Release|x64.ActiveCfg = Release|x64
		{3F8ED2D7-8CA1-463B-B7F5-B108CC271344}.Release|x64.Build.0 = Release|x64
		{3F8ED2D7-8CA1-463B-B7F5-B108CC271344}.Release|x86.ActiveCfg = Release|x86
		{3F8ED2D7-8CA1-463B-B7F5-B108CC271344}.Release|x86.Build.0 = Release|x86
		{6F6DA20C-4065-4847-B30A-F610974B70B1}.Debug|Any CPU.ActiveCfg = Debug|Any CPU
		{6F6DA20C-4065-4847-B30A-F610974B70B1}.Debug|Any CPU.Build.0 = Debug|Any CPU
		{6F6DA20C-4065-4847-B30A-F610974B70B1}.Debug|ia64.ActiveCfg = Debug|Any CPU
		{6F6DA20C-4065-4847-B30A-F610974B70B1}.Debug|ia64.Build.0 = Debug|Any CPU
		{6F6DA20C-4065-4847-B30A-F610974B70B1}.Debug|x64.ActiveCfg = Debug|Any CPU
		{6F6DA20C-4065-4847-B30A-F610974B70B1}.Debug|x64.Build.0 = Debug|Any CPU
		{6F6DA20C-4065-4847-B30A-F610974B70B1}.Debug|x86.ActiveCfg = Debug|Any CPU
		{6F6DA20C-4065-4847-B30A-F610974B70B1}.Debug|x86.Build.0 = Debug|Any CPU
		{6F6DA20C-4065-4847-B30A-F610974B70B1}.Release|Any CPU.ActiveCfg = Release|Any CPU
		{6F6DA20C-4065-4847-B30A-F610974B70B1}.Release|Any CPU.Build.0 = Release|Any CPU
		{6F6DA20C-4065-4847-B30A-F610974B70B1}.Release|ia64.ActiveCfg = Release|Any CPU
		{6F6DA20C-4065-4847-B30A-F610974B70B1}.Release|ia64.Build.0 = Release|Any CPU
		{6F6DA20C-4065-4847-B30A-F610974B70B1}.Release|x64.ActiveCfg = Release|x64
		{6F6DA20C-4065-4847-B30A-F610974B70B1}.Release|x64.Build.0 = Release|x64
		{6F6DA20C-4065-4847-B30A-F610974B70B1}.Release|x86.ActiveCfg = Release|x86
		{6F6DA20C-4065-4847-B30A-F610974B70B1}.Release|x86.Build.0 = Release|x86
		{BB806517-9D65-4C81-A41F-89854229996A}.Debug|Any CPU.ActiveCfg = Release|Any CPU
		{BB806517-9D65-4C81-A41F-89854229996A}.Debug|Any CPU.Build.0 = Release|Any CPU
		{BB806517-9D65-4C81-A41F-89854229996A}.Debug|ia64.ActiveCfg = Debug|Any CPU
		{BB806517-9D65-4C81-A41F-89854229996A}.Debug|ia64.Build.0 = Debug|Any CPU
		{BB806517-9D65-4C81-A41F-89854229996A}.Debug|x64.ActiveCfg = Debug|Any CPU
		{BB806517-9D65-4C81-A41F-89854229996A}.Debug|x64.Build.0 = Debug|Any CPU
		{BB806517-9D65-4C81-A41F-89854229996A}.Debug|x86.ActiveCfg = Debug|Any CPU
		{BB806517-9D65-4C81-A41F-89854229996A}.Debug|x86.Build.0 = Debug|Any CPU
		{BB806517-9D65-4C81-A41F-89854229996A}.Release|Any CPU.ActiveCfg = Release|Any CPU
		{BB806517-9D65-4C81-A41F-89854229996A}.Release|Any CPU.Build.0 = Release|Any CPU
		{BB806517-9D65-4C81-A41F-89854229996A}.Release|ia64.ActiveCfg = Release|Any CPU
		{BB806517-9D65-4C81-A41F-89854229996A}.Release|ia64.Build.0 = Release|Any CPU
		{BB806517-9D65-4C81-A41F-89854229996A}.Release|x64.ActiveCfg = Release|x64
		{BB806517-9D65-4C81-A41F-89854229996A}.Release|x64.Build.0 = Release|x64
		{BB806517-9D65-4C81-A41F-89854229996A}.Release|x86.ActiveCfg = Release|x86
		{BB806517-9D65-4C81-A41F-89854229996A}.Release|x86.Build.0 = Release|x86
		{CBB09B86-73FA-4341-A11B-FD2C28C72818}.Debug|Any CPU.ActiveCfg = Release|Any CPU
		{CBB09B86-73FA-4341-A11B-FD2C28C72818}.Debug|Any CPU.Build.0 = Release|Any CPU
		{CBB09B86-73FA-4341-A11B-FD2C28C72818}.Debug|ia64.ActiveCfg = Debug|Any CPU
		{CBB09B86-73FA-4341-A11B-FD2C28C72818}.Debug|ia64.Build.0 = Debug|Any CPU
		{CBB09B86-73FA-4341-A11B-FD2C28C72818}.Debug|x64.ActiveCfg = Debug|Any CPU
		{CBB09B86-73FA-4341-A11B-FD2C28C72818}.Debug|x64.Build.0 = Debug|Any CPU
		{CBB09B86-73FA-4341-A11B-FD2C28C72818}.Debug|x86.ActiveCfg = Debug|Any CPU
		{CBB09B86-73FA-4341-A11B-FD2C28C72818}.Debug|x86.Build.0 = Debug|Any CPU
		{CBB09B86-73FA-4341-A11B-FD2C28C72818}.Release|Any CPU.ActiveCfg = Release|Any CPU
		{CBB09B86-73FA-4341-A11B-FD2C28C72818}.Release|Any CPU.Build.0 = Release|Any CPU
		{CBB09B86-73FA-4341-A11B-FD2C28C72818}.Release|ia64.ActiveCfg = Release|Any CPU
		{CBB09B86-73FA-4341-A11B-FD2C28C72818}.Release|ia64.Build.0 = Release|Any CPU
		{CBB09B86-73FA-4341-A11B-FD2C28C72818}.Release|x64.ActiveCfg = Release|x64
		{CBB09B86-73FA-4341-A11B-FD2C28C72818}.Release|x64.Build.0 = Release|x64
		{CBB09B86-73FA-4341-A11B-FD2C28C72818}.Release|x86.ActiveCfg = Release|x86
		{CBB09B86-73FA-4341-A11B-FD2C28C72818}.Release|x86.Build.0 = Release|x86
		{500AD01E-64F8-4908-96C4-A374DE0CC724}.Debug|Any CPU.ActiveCfg = Debug|Any CPU
		{500AD01E-64F8-4908-96C4-A374DE0CC724}.Debug|Any CPU.Build.0 = Debug|Any CPU
		{500AD01E-64F8-4908-96C4-A374DE0CC724}.Debug|ia64.ActiveCfg = Debug|Any CPU
		{500AD01E-64F8-4908-96C4-A374DE0CC724}.Debug|ia64.Build.0 = Debug|Any CPU
		{500AD01E-64F8-4908-96C4-A374DE0CC724}.Debug|x64.ActiveCfg = Debug|Any CPU
		{500AD01E-64F8-4908-96C4-A374DE0CC724}.Debug|x64.Build.0 = Debug|Any CPU
		{500AD01E-64F8-4908-96C4-A374DE0CC724}.Debug|x86.ActiveCfg = Debug|Any CPU
		{500AD01E-64F8-4908-96C4-A374DE0CC724}.Debug|x86.Build.0 = Debug|Any CPU
		{500AD01E-64F8-4908-96C4-A374DE0CC724}.Release|Any CPU.ActiveCfg = Release|Any CPU
		{500AD01E-64F8-4908-96C4-A374DE0CC724}.Release|Any CPU.Build.0 = Release|Any CPU
		{500AD01E-64F8-4908-96C4-A374DE0CC724}.Release|ia64.ActiveCfg = Release|Any CPU
		{500AD01E-64F8-4908-96C4-A374DE0CC724}.Release|ia64.Build.0 = Release|Any CPU
		{500AD01E-64F8-4908-96C4-A374DE0CC724}.Release|x64.ActiveCfg = Release|x64
		{500AD01E-64F8-4908-96C4-A374DE0CC724}.Release|x64.Build.0 = Release|x64
		{500AD01E-64F8-4908-96C4-A374DE0CC724}.Release|x86.ActiveCfg = Release|x86
		{500AD01E-64F8-4908-96C4-A374DE0CC724}.Release|x86.Build.0 = Release|x86
		{0A5A49A1-E528-4375-8C5D-6A452912332D}.Debug|Any CPU.ActiveCfg = Release|Any CPU
		{0A5A49A1-E528-4375-8C5D-6A452912332D}.Debug|Any CPU.Build.0 = Release|Any CPU
		{0A5A49A1-E528-4375-8C5D-6A452912332D}.Debug|ia64.ActiveCfg = Debug|Any CPU
		{0A5A49A1-E528-4375-8C5D-6A452912332D}.Debug|ia64.Build.0 = Debug|Any CPU
		{0A5A49A1-E528-4375-8C5D-6A452912332D}.Debug|x64.ActiveCfg = Debug|Any CPU
		{0A5A49A1-E528-4375-8C5D-6A452912332D}.Debug|x64.Build.0 = Debug|Any CPU
		{0A5A49A1-E528-4375-8C5D-6A452912332D}.Debug|x86.ActiveCfg = Debug|Any CPU
		{0A5A49A1-E528-4375-8C5D-6A452912332D}.Debug|x86.Build.0 = Debug|Any CPU
		{0A5A49A1-E528-4375-8C5D-6A452912332D}.Release|Any CPU.ActiveCfg = Release|Any CPU
		{0A5A49A1-E528-4375-8C5D-6A452912332D}.Release|Any CPU.Build.0 = Release|Any CPU
		{0A5A49A1-E528-4375-8C5D-6A452912332D}.Release|ia64.ActiveCfg = Release|Any CPU
		{0A5A49A1-E528-4375-8C5D-6A452912332D}.Release|ia64.Build.0 = Release|Any CPU
		{0A5A49A1-E528-4375-8C5D-6A452912332D}.Release|x64.ActiveCfg = Release|x64
		{0A5A49A1-E528-4375-8C5D-6A452912332D}.Release|x64.Build.0 = Release|x64
		{0A5A49A1-E528-4375-8C5D-6A452912332D}.Release|x86.ActiveCfg = Release|x86
		{0A5A49A1-E528-4375-8C5D-6A452912332D}.Release|x86.Build.0 = Release|x86
		{68CE62D3-2653-4BE3-ACD8-E56361A83D8D}.Debug|Any CPU.ActiveCfg = Release|Any CPU
		{68CE62D3-2653-4BE3-ACD8-E56361A83D8D}.Debug|Any CPU.Build.0 = Release|Any CPU
		{68CE62D3-2653-4BE3-ACD8-E56361A83D8D}.Debug|ia64.ActiveCfg = Debug|Any CPU
		{68CE62D3-2653-4BE3-ACD8-E56361A83D8D}.Debug|ia64.Build.0 = Debug|Any CPU
		{68CE62D3-2653-4BE3-ACD8-E56361A83D8D}.Debug|x64.ActiveCfg = Debug|Any CPU
		{68CE62D3-2653-4BE3-ACD8-E56361A83D8D}.Debug|x64.Build.0 = Debug|Any CPU
		{68CE62D3-2653-4BE3-ACD8-E56361A83D8D}.Debug|x86.ActiveCfg = Debug|Any CPU
		{68CE62D3-2653-4BE3-ACD8-E56361A83D8D}.Debug|x86.Build.0 = Debug|Any CPU
		{68CE62D3-2653-4BE3-ACD8-E56361A83D8D}.Release|Any CPU.ActiveCfg = Release|Any CPU
		{68CE62D3-2653-4BE3-ACD8-E56361A83D8D}.Release|Any CPU.Build.0 = Release|Any CPU
		{68CE62D3-2653-4BE3-ACD8-E56361A83D8D}.Release|ia64.ActiveCfg = Release|Any CPU
		{68CE62D3-2653-4BE3-ACD8-E56361A83D8D}.Release|ia64.Build.0 = Release|Any CPU
		{68CE62D3-2653-4BE3-ACD8-E56361A83D8D}.Release|x64.ActiveCfg = Release|x64
		{68CE62D3-2653-4BE3-ACD8-E56361A83D8D}.Release|x64.Build.0 = Release|x64
		{68CE62D3-2653-4BE3-ACD8-E56361A83D8D}.Release|x86.ActiveCfg = Release|x86
		{68CE62D3-2653-4BE3-ACD8-E56361A83D8D}.Release|x86.Build.0 = Release|x86
		{2A77C8F6-6553-4EAC-BEEE-24C6FCA542AD}.Debug|Any CPU.ActiveCfg = Debug|Any CPU
		{2A77C8F6-6553-4EAC-BEEE-24C6FCA542AD}.Debug|Any CPU.Build.0 = Debug|Any CPU
		{2A77C8F6-6553-4EAC-BEEE-24C6FCA542AD}.Debug|ia64.ActiveCfg = Debug|Any CPU
		{2A77C8F6-6553-4EAC-BEEE-24C6FCA542AD}.Debug|ia64.Build.0 = Debug|Any CPU
		{2A77C8F6-6553-4EAC-BEEE-24C6FCA542AD}.Debug|x64.ActiveCfg = Debug|Any CPU
		{2A77C8F6-6553-4EAC-BEEE-24C6FCA542AD}.Debug|x64.Build.0 = Debug|Any CPU
		{2A77C8F6-6553-4EAC-BEEE-24C6FCA542AD}.Debug|x86.ActiveCfg = Debug|Any CPU
		{2A77C8F6-6553-4EAC-BEEE-24C6FCA542AD}.Debug|x86.Build.0 = Debug|Any CPU
		{2A77C8F6-6553-4EAC-BEEE-24C6FCA542AD}.Release|Any CPU.ActiveCfg = Release|Any CPU
		{2A77C8F6-6553-4EAC-BEEE-24C6FCA542AD}.Release|Any CPU.Build.0 = Release|Any CPU
		{2A77C8F6-6553-4EAC-BEEE-24C6FCA542AD}.Release|ia64.ActiveCfg = Release|Any CPU
		{2A77C8F6-6553-4EAC-BEEE-24C6FCA542AD}.Release|ia64.Build.0 = Release|Any CPU
		{2A77C8F6-6553-4EAC-BEEE-24C6FCA542AD}.Release|x64.ActiveCfg = Release|x64
		{2A77C8F6-6553-4EAC-BEEE-24C6FCA542AD}.Release|x64.Build.0 = Release|x64
		{2A77C8F6-6553-4EAC-BEEE-24C6FCA542AD}.Release|x86.ActiveCfg = Release|x86
		{2A77C8F6-6553-4EAC-BEEE-24C6FCA542AD}.Release|x86.Build.0 = Release|x86
		{CBE90713-DDE7-4F7E-B9FD-D9EE1237F9D0}.Debug|Any CPU.ActiveCfg = Debug|Any CPU
		{CBE90713-DDE7-4F7E-B9FD-D9EE1237F9D0}.Debug|Any CPU.Build.0 = Debug|Any CPU
		{CBE90713-DDE7-4F7E-B9FD-D9EE1237F9D0}.Debug|ia64.ActiveCfg = Debug|Any CPU
		{CBE90713-DDE7-4F7E-B9FD-D9EE1237F9D0}.Debug|ia64.Build.0 = Debug|Any CPU
		{CBE90713-DDE7-4F7E-B9FD-D9EE1237F9D0}.Debug|x64.ActiveCfg = Debug|Any CPU
		{CBE90713-DDE7-4F7E-B9FD-D9EE1237F9D0}.Debug|x64.Build.0 = Debug|Any CPU
		{CBE90713-DDE7-4F7E-B9FD-D9EE1237F9D0}.Debug|x86.ActiveCfg = Debug|Any CPU
		{CBE90713-DDE7-4F7E-B9FD-D9EE1237F9D0}.Debug|x86.Build.0 = Debug|Any CPU
		{CBE90713-DDE7-4F7E-B9FD-D9EE1237F9D0}.Release|Any CPU.ActiveCfg = Release|Any CPU
		{CBE90713-DDE7-4F7E-B9FD-D9EE1237F9D0}.Release|Any CPU.Build.0 = Release|Any CPU
		{CBE90713-DDE7-4F7E-B9FD-D9EE1237F9D0}.Release|ia64.ActiveCfg = Release|Any CPU
		{CBE90713-DDE7-4F7E-B9FD-D9EE1237F9D0}.Release|ia64.Build.0 = Release|Any CPU
		{CBE90713-DDE7-4F7E-B9FD-D9EE1237F9D0}.Release|x64.ActiveCfg = Release|x64
		{CBE90713-DDE7-4F7E-B9FD-D9EE1237F9D0}.Release|x64.Build.0 = Release|x64
		{CBE90713-DDE7-4F7E-B9FD-D9EE1237F9D0}.Release|x86.ActiveCfg = Release|x86
		{CBE90713-DDE7-4F7E-B9FD-D9EE1237F9D0}.Release|x86.Build.0 = Release|x86
		{226B3819-ECE4-4F10-8CDD-7FA123C78622}.Debug|Any CPU.ActiveCfg = Debug|Any CPU
		{226B3819-ECE4-4F10-8CDD-7FA123C78622}.Debug|Any CPU.Build.0 = Debug|Any CPU
		{226B3819-ECE4-4F10-8CDD-7FA123C78622}.Debug|ia64.ActiveCfg = Debug|Any CPU
		{226B3819-ECE4-4F10-8CDD-7FA123C78622}.Debug|ia64.Build.0 = Debug|Any CPU
		{226B3819-ECE4-4F10-8CDD-7FA123C78622}.Debug|x64.ActiveCfg = Debug|Any CPU
		{226B3819-ECE4-4F10-8CDD-7FA123C78622}.Debug|x64.Build.0 = Debug|Any CPU
		{226B3819-ECE4-4F10-8CDD-7FA123C78622}.Debug|x86.ActiveCfg = Debug|Any CPU
		{226B3819-ECE4-4F10-8CDD-7FA123C78622}.Debug|x86.Build.0 = Debug|Any CPU
		{226B3819-ECE4-4F10-8CDD-7FA123C78622}.Release|Any CPU.ActiveCfg = Release|Any CPU
		{226B3819-ECE4-4F10-8CDD-7FA123C78622}.Release|Any CPU.Build.0 = Release|Any CPU
		{226B3819-ECE4-4F10-8CDD-7FA123C78622}.Release|ia64.ActiveCfg = Release|Any CPU
		{226B3819-ECE4-4F10-8CDD-7FA123C78622}.Release|ia64.Build.0 = Release|Any CPU
		{226B3819-ECE4-4F10-8CDD-7FA123C78622}.Release|x64.ActiveCfg = Release|x64
		{226B3819-ECE4-4F10-8CDD-7FA123C78622}.Release|x64.Build.0 = Release|x64
		{226B3819-ECE4-4F10-8CDD-7FA123C78622}.Release|x86.ActiveCfg = Release|x86
		{226B3819-ECE4-4F10-8CDD-7FA123C78622}.Release|x86.Build.0 = Release|x86
		{441B84D0-BFF8-4970-8009-1B2F2B90CC27}.Debug|Any CPU.ActiveCfg = Debug|Any CPU
		{441B84D0-BFF8-4970-8009-1B2F2B90CC27}.Debug|Any CPU.Build.0 = Debug|Any CPU
		{441B84D0-BFF8-4970-8009-1B2F2B90CC27}.Debug|ia64.ActiveCfg = Debug|Any CPU
		{441B84D0-BFF8-4970-8009-1B2F2B90CC27}.Debug|ia64.Build.0 = Debug|Any CPU
		{441B84D0-BFF8-4970-8009-1B2F2B90CC27}.Debug|x64.ActiveCfg = Debug|Any CPU
		{441B84D0-BFF8-4970-8009-1B2F2B90CC27}.Debug|x64.Build.0 = Debug|Any CPU
		{441B84D0-BFF8-4970-8009-1B2F2B90CC27}.Debug|x86.ActiveCfg = Debug|Any CPU
		{441B84D0-BFF8-4970-8009-1B2F2B90CC27}.Debug|x86.Build.0 = Debug|Any CPU
		{441B84D0-BFF8-4970-8009-1B2F2B90CC27}.Release|Any CPU.ActiveCfg = Release|Any CPU
		{441B84D0-BFF8-4970-8009-1B2F2B90CC27}.Release|Any CPU.Build.0 = Release|Any CPU
		{441B84D0-BFF8-4970-8009-1B2F2B90CC27}.Release|ia64.ActiveCfg = Release|Any CPU
		{441B84D0-BFF8-4970-8009-1B2F2B90CC27}.Release|ia64.Build.0 = Release|Any CPU
		{441B84D0-BFF8-4970-8009-1B2F2B90CC27}.Release|x64.ActiveCfg = Release|x64
		{441B84D0-BFF8-4970-8009-1B2F2B90CC27}.Release|x64.Build.0 = Release|x64
		{441B84D0-BFF8-4970-8009-1B2F2B90CC27}.Release|x86.ActiveCfg = Release|x86
		{441B84D0-BFF8-4970-8009-1B2F2B90CC27}.Release|x86.Build.0 = Release|x86
		{DC051983-8F65-4377-AD43-ADD0E70EADAB}.Debug|Any CPU.ActiveCfg = Debug|Any CPU
		{DC051983-8F65-4377-AD43-ADD0E70EADAB}.Debug|Any CPU.Build.0 = Debug|Any CPU
		{DC051983-8F65-4377-AD43-ADD0E70EADAB}.Debug|ia64.ActiveCfg = Debug|Any CPU
		{DC051983-8F65-4377-AD43-ADD0E70EADAB}.Debug|ia64.Build.0 = Debug|Any CPU
		{DC051983-8F65-4377-AD43-ADD0E70EADAB}.Debug|x64.ActiveCfg = Debug|Any CPU
		{DC051983-8F65-4377-AD43-ADD0E70EADAB}.Debug|x64.Build.0 = Debug|Any CPU
		{DC051983-8F65-4377-AD43-ADD0E70EADAB}.Debug|x86.ActiveCfg = Debug|Any CPU
		{DC051983-8F65-4377-AD43-ADD0E70EADAB}.Debug|x86.Build.0 = Debug|Any CPU
		{DC051983-8F65-4377-AD43-ADD0E70EADAB}.Release|Any CPU.ActiveCfg = Release|Any CPU
		{DC051983-8F65-4377-AD43-ADD0E70EADAB}.Release|Any CPU.Build.0 = Release|Any CPU
		{DC051983-8F65-4377-AD43-ADD0E70EADAB}.Release|ia64.ActiveCfg = Release|Any CPU
		{DC051983-8F65-4377-AD43-ADD0E70EADAB}.Release|ia64.Build.0 = Release|Any CPU
		{DC051983-8F65-4377-AD43-ADD0E70EADAB}.Release|x64.ActiveCfg = Release|Any CPU
		{DC051983-8F65-4377-AD43-ADD0E70EADAB}.Release|x64.Build.0 = Release|Any CPU
		{DC051983-8F65-4377-AD43-ADD0E70EADAB}.Release|x86.ActiveCfg = Release|Any CPU
		{DC051983-8F65-4377-AD43-ADD0E70EADAB}.Release|x86.Build.0 = Release|Any CPU
		{42E3478F-94AC-466B-A40E-526F87216FFB}.Debug|Any CPU.ActiveCfg = Debug|x86
		{42E3478F-94AC-466B-A40E-526F87216FFB}.Debug|ia64.ActiveCfg = Debug|x86
		{42E3478F-94AC-466B-A40E-526F87216FFB}.Debug|x64.ActiveCfg = Debug|x86
		{42E3478F-94AC-466B-A40E-526F87216FFB}.Debug|x86.ActiveCfg = Debug|x86
		{42E3478F-94AC-466B-A40E-526F87216FFB}.Debug|x86.Build.0 = Debug|x86
		{42E3478F-94AC-466B-A40E-526F87216FFB}.Release|Any CPU.ActiveCfg = Release|x86
		{42E3478F-94AC-466B-A40E-526F87216FFB}.Release|ia64.ActiveCfg = Release|x86
		{42E3478F-94AC-466B-A40E-526F87216FFB}.Release|x64.ActiveCfg = Release|x86
		{42E3478F-94AC-466B-A40E-526F87216FFB}.Release|x64.Build.0 = Release|x86
		{42E3478F-94AC-466B-A40E-526F87216FFB}.Release|x86.ActiveCfg = Release|x86
		{42E3478F-94AC-466B-A40E-526F87216FFB}.Release|x86.Build.0 = Release|x86
		{402F66E5-01FB-4D70-9CA0-B3EC2C564255}.Debug|Any CPU.ActiveCfg = Debug|Any CPU
		{402F66E5-01FB-4D70-9CA0-B3EC2C564255}.Debug|Any CPU.Build.0 = Debug|Any CPU
		{402F66E5-01FB-4D70-9CA0-B3EC2C564255}.Debug|ia64.ActiveCfg = Debug|Any CPU
		{402F66E5-01FB-4D70-9CA0-B3EC2C564255}.Debug|ia64.Build.0 = Debug|Any CPU
		{402F66E5-01FB-4D70-9CA0-B3EC2C564255}.Debug|x64.ActiveCfg = Debug|Any CPU
		{402F66E5-01FB-4D70-9CA0-B3EC2C564255}.Debug|x64.Build.0 = Debug|Any CPU
		{402F66E5-01FB-4D70-9CA0-B3EC2C564255}.Debug|x86.ActiveCfg = Debug|Any CPU
		{402F66E5-01FB-4D70-9CA0-B3EC2C564255}.Debug|x86.Build.0 = Debug|Any CPU
		{402F66E5-01FB-4D70-9CA0-B3EC2C564255}.Release|Any CPU.ActiveCfg = Release|Any CPU
		{402F66E5-01FB-4D70-9CA0-B3EC2C564255}.Release|Any CPU.Build.0 = Release|Any CPU
		{402F66E5-01FB-4D70-9CA0-B3EC2C564255}.Release|ia64.ActiveCfg = Release|Any CPU
		{402F66E5-01FB-4D70-9CA0-B3EC2C564255}.Release|ia64.Build.0 = Release|Any CPU
		{402F66E5-01FB-4D70-9CA0-B3EC2C564255}.Release|x64.ActiveCfg = Release|Any CPU
		{402F66E5-01FB-4D70-9CA0-B3EC2C564255}.Release|x64.Build.0 = Release|Any CPU
		{402F66E5-01FB-4D70-9CA0-B3EC2C564255}.Release|x86.ActiveCfg = Release|Any CPU
		{402F66E5-01FB-4D70-9CA0-B3EC2C564255}.Release|x86.Build.0 = Release|Any CPU
		{083F7F14-1903-4AC4-AE44-628E7735E1F0}.Debug|Any CPU.ActiveCfg = Debug|Any CPU
		{083F7F14-1903-4AC4-AE44-628E7735E1F0}.Debug|Any CPU.Build.0 = Debug|Any CPU
		{083F7F14-1903-4AC4-AE44-628E7735E1F0}.Debug|ia64.ActiveCfg = Debug|Any CPU
		{083F7F14-1903-4AC4-AE44-628E7735E1F0}.Debug|ia64.Build.0 = Debug|Any CPU
		{083F7F14-1903-4AC4-AE44-628E7735E1F0}.Debug|x64.ActiveCfg = Debug|Any CPU
		{083F7F14-1903-4AC4-AE44-628E7735E1F0}.Debug|x64.Build.0 = Debug|Any CPU
		{083F7F14-1903-4AC4-AE44-628E7735E1F0}.Debug|x86.ActiveCfg = Debug|Any CPU
		{083F7F14-1903-4AC4-AE44-628E7735E1F0}.Debug|x86.Build.0 = Debug|Any CPU
		{083F7F14-1903-4AC4-AE44-628E7735E1F0}.Release|Any CPU.ActiveCfg = Release|Any CPU
		{083F7F14-1903-4AC4-AE44-628E7735E1F0}.Release|Any CPU.Build.0 = Release|Any CPU
		{083F7F14-1903-4AC4-AE44-628E7735E1F0}.Release|ia64.ActiveCfg = Release|Any CPU
		{083F7F14-1903-4AC4-AE44-628E7735E1F0}.Release|ia64.Build.0 = Release|Any CPU
		{083F7F14-1903-4AC4-AE44-628E7735E1F0}.Release|x64.ActiveCfg = Release|x64
		{083F7F14-1903-4AC4-AE44-628E7735E1F0}.Release|x64.Build.0 = Release|x64
		{083F7F14-1903-4AC4-AE44-628E7735E1F0}.Release|x86.ActiveCfg = Release|x86
		{083F7F14-1903-4AC4-AE44-628E7735E1F0}.Release|x86.Build.0 = Release|x86
	EndGlobalSection
	GlobalSection(SolutionProperties) = preSolution
		HideSolutionNode = FALSE
	EndGlobalSection
	GlobalSection(NestedProjects) = preSolution
		{DA1972B3-D821-4C5F-841B-127B229C0D74} = {C5DAF414-9D26-498A-B3CC-E2017A850E3A}
		{B4DABE47-1E17-486D-85FB-2A232612BCCE} = {C5DAF414-9D26-498A-B3CC-E2017A850E3A}
		{F4D8055D-B9BB-4968-B3AA-F0C9E59A1C26} = {EDB7A7C8-6344-4571-BA24-799EFAE29A1B}
		{AFE60C4D-8B71-4B87-9361-BDB07C369C15} = {0F1A3FBA-9F22-4AE9-9407-9157D2487743}
		{2239C208-DFE2-4BB4-8BFE-18E32A983190} = {66299911-36B1-4720-AC8C-A21A726DD794}
		{B2902570-60CC-484C-BEB0-E17ED50809C2} = {66299911-36B1-4720-AC8C-A21A726DD794}
		{6F4DD4B9-FCD7-4CB2-AA0C-022B81E68595} = {0F1A3FBA-9F22-4AE9-9407-9157D2487743}
		{6B8CFB00-E09F-4976-B818-B29C4CC05F61} = {26587C9B-2E4F-44B5-8C16-FB51D4F291E3}
		{C6B03ED1-6940-4F87-BC8D-E6B2C1F9B231} = {26587C9B-2E4F-44B5-8C16-FB51D4F291E3}
		{E82BA2A4-1E9B-43E1-BD86-645AC814C51B} = {C5DAF414-9D26-498A-B3CC-E2017A850E3A}
		{3F8ED2D7-8CA1-463B-B7F5-B108CC271344} = {C5DAF414-9D26-498A-B3CC-E2017A850E3A}
		{6F6DA20C-4065-4847-B30A-F610974B70B1} = {E82BA2A4-1E9B-43E1-BD86-645AC814C51B}
		{BB806517-9D65-4C81-A41F-89854229996A} = {E82BA2A4-1E9B-43E1-BD86-645AC814C51B}
		{CBB09B86-73FA-4341-A11B-FD2C28C72818} = {E82BA2A4-1E9B-43E1-BD86-645AC814C51B}
		{500AD01E-64F8-4908-96C4-A374DE0CC724} = {E82BA2A4-1E9B-43E1-BD86-645AC814C51B}
		{0A5A49A1-E528-4375-8C5D-6A452912332D} = {E82BA2A4-1E9B-43E1-BD86-645AC814C51B}
		{68CE62D3-2653-4BE3-ACD8-E56361A83D8D} = {E82BA2A4-1E9B-43E1-BD86-645AC814C51B}
		{2A77C8F6-6553-4EAC-BEEE-24C6FCA542AD} = {E82BA2A4-1E9B-43E1-BD86-645AC814C51B}
		{CBE90713-DDE7-4F7E-B9FD-D9EE1237F9D0} = {DA1972B3-D821-4C5F-841B-127B229C0D74}
		{226B3819-ECE4-4F10-8CDD-7FA123C78622} = {E82BA2A4-1E9B-43E1-BD86-645AC814C51B}
		{8C66C47F-CFEA-4D41-8ABB-A58B10681A67} = {EDB7A7C8-6344-4571-BA24-799EFAE29A1B}
		{441B84D0-BFF8-4970-8009-1B2F2B90CC27} = {0F1A3FBA-9F22-4AE9-9407-9157D2487743}
		{DC051983-8F65-4377-AD43-ADD0E70EADAB} = {98CE15E5-746E-4DAB-86F3-E38D2FE68E8F}
		{42E3478F-94AC-466B-A40E-526F87216FFB} = {52E04471-A96B-4597-B467-BC53BDF14E91}
		{402F66E5-01FB-4D70-9CA0-B3EC2C564255} = {C5DAF414-9D26-498A-B3CC-E2017A850E3A}
		{083F7F14-1903-4AC4-AE44-628E7735E1F0} = {0F1A3FBA-9F22-4AE9-9407-9157D2487743}
	EndGlobalSection
	GlobalSection(ExtensibilityGlobals) = postSolution
		SolutionGuid = {5D063F5F-3122-4E5F-9CD3-04EE73DFBE06}
	EndGlobalSection
EndGlobal
